PODS:
  - AAInfographics (2.0.4)
  - Alamofire (4.7.3)
  - CalendarDateRangePickerViewController (0.1.0)
  - Cosmos (16.0.0)
  - DateToolsSwift (4.0.0)
  - DynamicBlurView (2.0.2)
  - Firebase/Auth (5.7.0):
    - Firebase/CoreOnly
    - FirebaseAuth (= 5.0.3)
  - Firebase/Core (5.7.0):
    - Firebase/CoreOnly
    - FirebaseAnalytics (= 5.1.1)
  - Firebase/CoreOnly (5.7.0):
    - FirebaseCore (= 5.1.2)
  - Firebase/Database (5.7.0):
    - Firebase/CoreOnly
    - FirebaseDatabase (= 5.0.2)
  - Firebase/Storage (5.7.0):
    - Firebase/CoreOnly
    - FirebaseStorage (= 3.0.1)
  - FirebaseAnalytics (5.1.1):
    - FirebaseCore (~> 5.1)
    - FirebaseInstanceID (~> 3.2)
    - GoogleAppMeasurement (~> 5.1)
    - GoogleUtilities/AppDelegateSwizzler (~> 5.2.0)
    - GoogleUtilities/MethodSwizzler (~> 5.2.0)
    - GoogleUtilities/Network (~> 5.2)
    - "GoogleUtilities/NSData+zlib (~> 5.2)"
    - nanopb (~> 0.3)
  - FirebaseAuth (5.0.3):
    - FirebaseAuthInterop (~> 1.0)
    - FirebaseCore (~> 5.0)
    - GoogleUtilities/Environment (~> 5.2)
    - GTMSessionFetcher/Core (~> 1.1)
  - FirebaseAuthInterop (1.0.0)
  - FirebaseCore (5.1.2):
    - GoogleUtilities/Logger (~> 5.2)
  - FirebaseDatabase (5.0.2):
    - FirebaseCore (~> 5.0)
    - leveldb-library (~> 1.18)
  - FirebaseInstanceID (3.2.1):
    - FirebaseCore (~> 5.1)
    - GoogleUtilities/Environment (~> 5.2)
  - FirebaseStorage (3.0.1):
    - FirebaseCore (~> 5.0)
    - GTMSessionFetcher/Core (~> 1.1)
  - GoogleAppMeasurement (5.1.1):
    - GoogleUtilities/AppDelegateSwizzler (~> 5.2.0)
    - GoogleUtilities/MethodSwizzler (~> 5.2.0)
    - GoogleUtilities/Network (~> 5.2)
    - "GoogleUtilities/NSData+zlib (~> 5.2)"
    - nanopb (~> 0.3)
  - GoogleSignIn (4.2.0):
    - "GoogleToolboxForMac/NSDictionary+URLArguments (~> 2.1)"
    - "GoogleToolboxForMac/NSString+URLArguments (~> 2.1)"
    - GTMOAuth2 (~> 1.0)
    - GTMSessionFetcher/Core (~> 1.1)
  - GoogleToolboxForMac/DebugUtils (2.1.4):
    - GoogleToolboxForMac/Defines (= 2.1.4)
  - GoogleToolboxForMac/Defines (2.1.4)
  - "GoogleToolboxForMac/NSDictionary+URLArguments (2.1.4)":
    - GoogleToolboxForMac/DebugUtils (= 2.1.4)
    - GoogleToolboxForMac/Defines (= 2.1.4)
    - "GoogleToolboxForMac/NSString+URLArguments (= 2.1.4)"
  - "GoogleToolboxForMac/NSString+URLArguments (2.1.4)"
  - GoogleUtilities/AppDelegateSwizzler (5.2.2):
    - GoogleUtilities/Environment
    - GoogleUtilities/Logger
    - GoogleUtilities/Network
  - GoogleUtilities/Environment (5.2.2)
  - GoogleUtilities/Logger (5.2.2):
    - GoogleUtilities/Environment
  - GoogleUtilities/MethodSwizzler (5.2.2):
    - GoogleUtilities/Logger
  - GoogleUtilities/Network (5.2.2):
    - GoogleUtilities/Logger
    - "GoogleUtilities/NSData+zlib"
    - GoogleUtilities/Reachability
  - "GoogleUtilities/NSData+zlib (5.2.2)"
  - GoogleUtilities/Reachability (5.2.2):
    - GoogleUtilities/Logger
  - GTMOAuth2 (1.1.6):
    - GTMSessionFetcher (~> 1.1)
  - GTMSessionFetcher (1.2.0):
    - GTMSessionFetcher/Full (= 1.2.0)
  - GTMSessionFetcher/Core (1.2.0)
  - GTMSessionFetcher/Full (1.2.0):
    - GTMSessionFetcher/Core (= 1.2.0)
  - JGProgressHUD (2.0.3)
  - LBTAComponents (1.0.2)
  - leveldb-library (1.20)
  - MarqueeLabel/Swift (3.1.6)
  - nanopb (0.3.8):
    - nanopb/decode (= 0.3.8)
    - nanopb/encode (= 0.3.8)
  - nanopb/decode (0.3.8)
  - nanopb/encode (0.3.8)
  - NotificationBannerSwift (1.6.3):
    - MarqueeLabel/Swift
    - SnapKit (~> 4.0)
  - NVActivityIndicatorView (4.3.0):
    - NVActivityIndicatorView/Presenter (= 4.3.0)
  - NVActivityIndicatorView/Presenter (4.3.0)
  - PopupDialog (0.8.1):
    - DynamicBlurView (~> 2.0)
  - SnapKit (4.0.0)
  - SwiftDate (5.0.7)
  - SwiftSpinner (1.5.0)
  - SwiftValidator (4.0.0)
  - SwiftyBeaver (1.6.0)

DEPENDENCIES:
  - AAInfographics
  - Alamofire
  - CalendarDateRangePickerViewController
  - Cosmos
  - DateToolsSwift
  - Firebase/Auth
  - Firebase/Core
  - Firebase/Database
  - Firebase/Storage
  - GoogleSignIn
  - JGProgressHUD
  - LBTAComponents
  - NotificationBannerSwift
  - NVActivityIndicatorView
  - PopupDialog (~> 0.7)
  - SwiftDate (~> 5.0)
  - SwiftSpinner
  - SwiftValidator (from `https://github.com/jpotts18/SwiftValidator.git`, branch `master`)
  - SwiftyBeaver

SPEC REPOS:
  https://github.com/cocoapods/specs.git:
    - AAInfographics
    - Alamofire
    - CalendarDateRangePickerViewController
    - Cosmos
    - DateToolsSwift
    - DynamicBlurView
    - Firebase
    - FirebaseAnalytics
    - FirebaseAuth
    - FirebaseAuthInterop
    - FirebaseCore
    - FirebaseDatabase
    - FirebaseInstanceID
    - FirebaseStorage
    - GoogleAppMeasurement
    - GoogleSignIn
    - GoogleToolboxForMac
    - GoogleUtilities
    - GTMOAuth2
    - GTMSessionFetcher
    - JGProgressHUD
    - LBTAComponents
    - leveldb-library
    - MarqueeLabel
    - nanopb
    - NotificationBannerSwift
    - NVActivityIndicatorView
    - PopupDialog
    - SnapKit
    - SwiftDate
    - SwiftSpinner
    - SwiftyBeaver

EXTERNAL SOURCES:
  SwiftValidator:
    :branch: master
    :git: https://github.com/jpotts18/SwiftValidator.git

CHECKOUT OPTIONS:
  SwiftValidator:
    :commit: c0ee801a2d107eca5f748d07932b449666d8effd
    :git: https://github.com/jpotts18/SwiftValidator.git

SPEC CHECKSUMS:
  AAInfographics: 10f87e06fc007a0adbb05de020e4a2fe3119f8de
  Alamofire: c7287b6e5d7da964a70935e5db17046b7fde6568
  CalendarDateRangePickerViewController: 9e82a36a21ad7338f4e21a314469bfabe1f738fb
  Cosmos: 7bcee0fa858a9355a214f2a181be5dffcee42c81
  DateToolsSwift: 875d97ff9e3a5d54abdd67a269b3f51c757b71ab
  DynamicBlurView: aa6db4defc6e537eb86fc5e58dd3991666178399
  Firebase: 734a4f92957aa6c40e7ae3fda3d9359e1890aa87
  FirebaseAnalytics: 993577e91157feb40945abedd6ab346d8a4b6ac8
  FirebaseAuth: 657a25e4be044d2d333663ebf515a861c5a59cd7
  FirebaseAuthInterop: 0ffa57668be100582bb7643d4fcb7615496c41fc
  FirebaseCore: 3a97432acb324b439fbed338e642f9cbb516a63d
  FirebaseDatabase: 27be5ac5bc75e0b17537b2bbfada8258addcc8cd
  FirebaseInstanceID: ea5af6920d0a4a29b40459d055bebe4a6c1333c4
  FirebaseStorage: 43f823b96b72a08539eba21a7de043348a69d4c6
  GoogleAppMeasurement: f7507b39b70ad0bd80b3d81518b2f43868974307
  GoogleSignIn: 591e46382014e591269f862ba6e7bc0fbd793532
  GoogleToolboxForMac: 91c824d21e85b31c2aae9bb011c5027c9b4e738f
  GoogleUtilities: 06b66f9567769a7958db20a92f0128b2843e49d5
  GTMOAuth2: c77fe325e4acd453837e72d91e3b5f13116857b2
  GTMSessionFetcher: 0c4baf0a73acd0041bf9f71ea018deedab5ea84e
  JGProgressHUD: 12b20a8f4ffe05258f8635c1ab92816e451f904d
  LBTAComponents: c4c8863e0ef6715e378300db148b96a09df656f7
  leveldb-library: 08cba283675b7ed2d99629a4bc5fd052cd2bb6a5
  MarqueeLabel: 0c41f08ef5773e29c0f71064a8fa788a2fd8b365
  nanopb: 5601e6bca2dbf1ed831b519092ec110f66982ca3
  NotificationBannerSwift: b231e4c3244848ef300e1c53ce027b9756b9b06f
  NVActivityIndicatorView: 963f62bf9f993fcf23218e55958e5b1761b9504c
  PopupDialog: 3d4e8e0795c3a614f407d730986c9b9af9781123
  SnapKit: a42d492c16e80209130a3379f73596c3454b7694
  SwiftDate: f053fb89250c59af5eff777f3b832d2b9dd57403
  SwiftSpinner: 4c058c7a1d6b444dd2e1d70988ead40783097133
  SwiftValidator: 25ded5ca1f10c05adf57f6ac82a72d28ac8d91af
  SwiftyBeaver: e45759613e50b522b0e6f53b1f0f14389b45ca34

<<<<<<< HEAD
PODFILE CHECKSUM: eb3a50573442320c0efc5b9e94195edc8ea14118
||||||| merged common ancestors
PODFILE CHECKSUM: 85c5301ac0084d43ee7ce466246c4f524bc44cad
=======
PODFILE CHECKSUM: 9d7f029f3a4fe51759633aff19cb2abd57378f59
>>>>>>> ReportGenBranch

COCOAPODS: 1.5.3
