// !$*UTF8*$!
{
	archiveVersion = 1;
	classes = {
	};
	objectVersion = 48;
	objects = {

/* Begin PBXBuildFile section */
		381611282095942300801604 /* bg.jpg in Resources */ = {isa = PBXBuildFile; fileRef = 381611272095942300801604 /* bg.jpg */; };
		38324DF1208B14FC005605B9 /* SummaryController.swift in Sources */ = {isa = PBXBuildFile; fileRef = 38324DF0208B14FC005605B9 /* SummaryController.swift */; };
		38324DF3208B1601005605B9 /* SceneKit.framework in Frameworks */ = {isa = PBXBuildFile; fileRef = 38324DF2208B1601005605B9 /* SceneKit.framework */; };
		384D7CBB2092B46900DBE5E3 /* femalemesh.obj in Resources */ = {isa = PBXBuildFile; fileRef = 384D7CB92092B46800DBE5E3 /* femalemesh.obj */; };
		384D7CBE2092BC0E00DBE5E3 /* tex.jpg in Resources */ = {isa = PBXBuildFile; fileRef = 384D7CBD2092BC0D00DBE5E3 /* tex.jpg */; };
		384D7CC02092BE3E00DBE5E3 /* skin.png in Resources */ = {isa = PBXBuildFile; fileRef = 384D7CBF2092BE3D00DBE5E3 /* skin.png */; };
		3876397F20B90A5A009AA4F9 /* hitmaps3.bundle in Resources */ = {isa = PBXBuildFile; fileRef = 3876397E20B90A59009AA4F9 /* hitmaps3.bundle */; };
		38B9E53B209EF5CC00773B0F /* upperLegFrontL2.obj in Resources */ = {isa = PBXBuildFile; fileRef = 38B9E4E3209EF5BE00773B0F /* upperLegFrontL2.obj */; };
		38B9E53C209EF5CC00773B0F /* forearmR7.obj in Resources */ = {isa = PBXBuildFile; fileRef = 38B9E4E4209EF5BE00773B0F /* forearmR7.obj */; };
		38B9E53D209EF5CC00773B0F /* forearmR4.obj in Resources */ = {isa = PBXBuildFile; fileRef = 38B9E4E5209EF5BE00773B0F /* forearmR4.obj */; };
		38B9E53E209EF5CC00773B0F /* bumR.obj in Resources */ = {isa = PBXBuildFile; fileRef = 38B9E4E6209EF5BE00773B0F /* bumR.obj */; };
		38B9E53F209EF5CC00773B0F /* hipL.obj in Resources */ = {isa = PBXBuildFile; fileRef = 38B9E4E7209EF5BE00773B0F /* hipL.obj */; };
		38B9E540209EF5CC00773B0F /* topback_R.obj in Resources */ = {isa = PBXBuildFile; fileRef = 38B9E4E8209EF5BE00773B0F /* topback_R.obj */; };
		38B9E541209EF5CC00773B0F /* AbsR.obj in Resources */ = {isa = PBXBuildFile; fileRef = 38B9E4E9209EF5BE00773B0F /* AbsR.obj */; };
		38B9E542209EF5CC00773B0F /* thigh_L3.obj in Resources */ = {isa = PBXBuildFile; fileRef = 38B9E4EA209EF5BE00773B0F /* thigh_L3.obj */; };
		38B9E543209EF5CC00773B0F /* hipR.obj in Resources */ = {isa = PBXBuildFile; fileRef = 38B9E4EB209EF5BE00773B0F /* hipR.obj */; };
		38B9E544209EF5CC00773B0F /* midback_R.obj in Resources */ = {isa = PBXBuildFile; fileRef = 38B9E4EC209EF5BF00773B0F /* midback_R.obj */; };
		38B9E545209EF5CC00773B0F /* forearm5L.obj in Resources */ = {isa = PBXBuildFile; fileRef = 38B9E4ED209EF5BF00773B0F /* forearm5L.obj */; };
		38B9E546209EF5CC00773B0F /* forarmR.obj in Resources */ = {isa = PBXBuildFile; fileRef = 38B9E4EE209EF5BF00773B0F /* forarmR.obj */; };
		38B9E547209EF5CC00773B0F /* calfL6.obj in Resources */ = {isa = PBXBuildFile; fileRef = 38B9E4EF209EF5BF00773B0F /* calfL6.obj */; };
		38B9E548209EF5CC00773B0F /* ribmuscles_L.obj in Resources */ = {isa = PBXBuildFile; fileRef = 38B9E4F0209EF5C000773B0F /* ribmuscles_L.obj */; };
		38B9E549209EF5CC00773B0F /* calfR.obj in Resources */ = {isa = PBXBuildFile; fileRef = 38B9E4F1209EF5C000773B0F /* calfR.obj */; };
		38B9E54A209EF5CC00773B0F /* calfR5.obj in Resources */ = {isa = PBXBuildFile; fileRef = 38B9E4F2209EF5C000773B0F /* calfR5.obj */; };
		38B9E54B209EF5CC00773B0F /* calfR3.obj in Resources */ = {isa = PBXBuildFile; fileRef = 38B9E4F3209EF5C000773B0F /* calfR3.obj */; };
		38B9E54C209EF5CC00773B0F /* thighR_5.obj in Resources */ = {isa = PBXBuildFile; fileRef = 38B9E4F4209EF5C000773B0F /* thighR_5.obj */; };
		38B9E54D209EF5CC00773B0F /* triceptR2.obj in Resources */ = {isa = PBXBuildFile; fileRef = 38B9E4F5209EF5C000773B0F /* triceptR2.obj */; };
		38B9E54E209EF5CC00773B0F /* upperbum_L.obj in Resources */ = {isa = PBXBuildFile; fileRef = 38B9E4F6209EF5C000773B0F /* upperbum_L.obj */; };
		38B9E54F209EF5CC00773B0F /* shoulderR2.obj in Resources */ = {isa = PBXBuildFile; fileRef = 38B9E4F7209EF5C100773B0F /* shoulderR2.obj */; };
		38B9E550209EF5CC00773B0F /* upperleg2InnerL.obj in Resources */ = {isa = PBXBuildFile; fileRef = 38B9E4F8209EF5C100773B0F /* upperleg2InnerL.obj */; };
		38B9E551209EF5CC00773B0F /* upperlegBackL.obj in Resources */ = {isa = PBXBuildFile; fileRef = 38B9E4F9209EF5C100773B0F /* upperlegBackL.obj */; };
		38B9E552209EF5CC00773B0F /* deltoidFront.obj in Resources */ = {isa = PBXBuildFile; fileRef = 38B9E4FA209EF5C100773B0F /* deltoidFront.obj */; };
		38B9E553209EF5CC00773B0F /* upperLegFrontL.obj in Resources */ = {isa = PBXBuildFile; fileRef = 38B9E4FB209EF5C100773B0F /* upperLegFrontL.obj */; };
		38B9E554209EF5CC00773B0F /* upperLegbackL2.obj in Resources */ = {isa = PBXBuildFile; fileRef = 38B9E4FC209EF5C100773B0F /* upperLegbackL2.obj */; };
		38B9E555209EF5CC00773B0F /* calfR2.obj in Resources */ = {isa = PBXBuildFile; fileRef = 38B9E4FD209EF5C200773B0F /* calfR2.obj */; };
		38B9E556209EF5CC00773B0F /* biceptR3.obj in Resources */ = {isa = PBXBuildFile; fileRef = 38B9E4FE209EF5C200773B0F /* biceptR3.obj */; };
		38B9E557209EF5CC00773B0F /* forearm6L.obj in Resources */ = {isa = PBXBuildFile; fileRef = 38B9E4FF209EF5C200773B0F /* forearm6L.obj */; };
		38B9E558209EF5CC00773B0F /* upperarm_outerL.obj in Resources */ = {isa = PBXBuildFile; fileRef = 38B9E500209EF5C200773B0F /* upperarm_outerL.obj */; };
		38B9E559209EF5CC00773B0F /* Chest_L.obj in Resources */ = {isa = PBXBuildFile; fileRef = 38B9E501209EF5C200773B0F /* Chest_L.obj */; };
		38B9E55A209EF5CC00773B0F /* Innershoulder_R.obj in Resources */ = {isa = PBXBuildFile; fileRef = 38B9E502209EF5C200773B0F /* Innershoulder_R.obj */; };
		38B9E55B209EF5CC00773B0F /* Lowerback_R.obj in Resources */ = {isa = PBXBuildFile; fileRef = 38B9E503209EF5C200773B0F /* Lowerback_R.obj */; };
		38B9E55C209EF5CC00773B0F /* thighR_7.obj in Resources */ = {isa = PBXBuildFile; fileRef = 38B9E504209EF5C300773B0F /* thighR_7.obj */; };
		38B9E55D209EF5CC00773B0F /* deltoidbackL.obj in Resources */ = {isa = PBXBuildFile; fileRef = 38B9E505209EF5C300773B0F /* deltoidbackL.obj */; };
		38B9E55E209EF5CC00773B0F /* calfL3.obj in Resources */ = {isa = PBXBuildFile; fileRef = 38B9E506209EF5C300773B0F /* calfL3.obj */; };
		38B9E55F209EF5CC00773B0F /* outerShoulder_R.obj in Resources */ = {isa = PBXBuildFile; fileRef = 38B9E507209EF5C300773B0F /* outerShoulder_R.obj */; };
		38B9E560209EF5CC00773B0F /* LegthighL.obj in Resources */ = {isa = PBXBuildFile; fileRef = 38B9E508209EF5C300773B0F /* LegthighL.obj */; };
		38B9E561209EF5CC00773B0F /* lowerback_L.obj in Resources */ = {isa = PBXBuildFile; fileRef = 38B9E509209EF5C400773B0F /* lowerback_L.obj */; };
		38B9E562209EF5CC00773B0F /* thighR3.obj in Resources */ = {isa = PBXBuildFile; fileRef = 38B9E50A209EF5C400773B0F /* thighR3.obj */; };
		38B9E563209EF5CC00773B0F /* upperback_R.obj in Resources */ = {isa = PBXBuildFile; fileRef = 38B9E50B209EF5C400773B0F /* upperback_R.obj */; };
		38B9E564209EF5CC00773B0F /* biceptR2.obj in Resources */ = {isa = PBXBuildFile; fileRef = 38B9E50C209EF5C400773B0F /* biceptR2.obj */; };
		38B9E565209EF5CC00773B0F /* forearmR5.obj in Resources */ = {isa = PBXBuildFile; fileRef = 38B9E50D209EF5C400773B0F /* forearmR5.obj */; };
		38B9E566209EF5CC00773B0F /* bicepttopL.obj in Resources */ = {isa = PBXBuildFile; fileRef = 38B9E50E209EF5C500773B0F /* bicepttopL.obj */; };
		38B9E567209EF5CC00773B0F /* shoulderR.obj in Resources */ = {isa = PBXBuildFile; fileRef = 38B9E50F209EF5C500773B0F /* shoulderR.obj */; };
		38B9E568209EF5CC00773B0F /* calfR4.obj in Resources */ = {isa = PBXBuildFile; fileRef = 38B9E510209EF5C500773B0F /* calfR4.obj */; };
		38B9E569209EF5CC00773B0F /* neck_L.obj in Resources */ = {isa = PBXBuildFile; fileRef = 38B9E511209EF5C500773B0F /* neck_L.obj */; };
		38B9E56A209EF5CC00773B0F /* forearm4L.obj in Resources */ = {isa = PBXBuildFile; fileRef = 38B9E512209EF5C500773B0F /* forearm4L.obj */; };
		38B9E56B209EF5CC00773B0F /* bicept2L.obj in Resources */ = {isa = PBXBuildFile; fileRef = 38B9E513209EF5C500773B0F /* bicept2L.obj */; };
		38B9E56C209EF5CC00773B0F /* forearm3L.obj in Resources */ = {isa = PBXBuildFile; fileRef = 38B9E514209EF5C600773B0F /* forearm3L.obj */; };
		38B9E56D209EF5CC00773B0F /* triceptsL.obj in Resources */ = {isa = PBXBuildFile; fileRef = 38B9E515209EF5C600773B0F /* triceptsL.obj */; };
		38B9E56E209EF5CC00773B0F /* throatL.obj in Resources */ = {isa = PBXBuildFile; fileRef = 38B9E516209EF5C600773B0F /* throatL.obj */; };
		38B9E56F209EF5CC00773B0F /* deltoid_topL.obj in Resources */ = {isa = PBXBuildFile; fileRef = 38B9E517209EF5C600773B0F /* deltoid_topL.obj */; };
		38B9E570209EF5CC00773B0F /* forearm1L.obj in Resources */ = {isa = PBXBuildFile; fileRef = 38B9E518209EF5C600773B0F /* forearm1L.obj */; };
		38B9E571209EF5CC00773B0F /* forearmR3.obj in Resources */ = {isa = PBXBuildFile; fileRef = 38B9E519209EF5C600773B0F /* forearmR3.obj */; };
		38B9E572209EF5CC00773B0F /* topback_L.obj in Resources */ = {isa = PBXBuildFile; fileRef = 38B9E51A209EF5C700773B0F /* topback_L.obj */; };
		38B9E573209EF5CC00773B0F /* chest_R.obj in Resources */ = {isa = PBXBuildFile; fileRef = 38B9E51B209EF5C800773B0F /* chest_R.obj */; };
		38B9E574209EF5CC00773B0F /* calfL5.obj in Resources */ = {isa = PBXBuildFile; fileRef = 38B9E51C209EF5C800773B0F /* calfL5.obj */; };
		38B9E575209EF5CC00773B0F /* forearm7L.obj in Resources */ = {isa = PBXBuildFile; fileRef = 38B9E51D209EF5C800773B0F /* forearm7L.obj */; };
		38B9E576209EF5CC00773B0F /* forearmR6.obj in Resources */ = {isa = PBXBuildFile; fileRef = 38B9E51E209EF5C800773B0F /* forearmR6.obj */; };
		38B9E577209EF5CC00773B0F /* calfL.obj in Resources */ = {isa = PBXBuildFile; fileRef = 38B9E51F209EF5C800773B0F /* calfL.obj */; };
		38B9E578209EF5CC00773B0F /* calfL4.obj in Resources */ = {isa = PBXBuildFile; fileRef = 38B9E520209EF5C900773B0F /* calfL4.obj */; };
		38B9E579209EF5CC00773B0F /* upperbumR.obj in Resources */ = {isa = PBXBuildFile; fileRef = 38B9E521209EF5C900773B0F /* upperbumR.obj */; };
		38B9E57A209EF5CC00773B0F /* throat_R.obj in Resources */ = {isa = PBXBuildFile; fileRef = 38B9E522209EF5C900773B0F /* throat_R.obj */; };
		38B9E57B209EF5CC00773B0F /* bumL.obj in Resources */ = {isa = PBXBuildFile; fileRef = 38B9E523209EF5C900773B0F /* bumL.obj */; };
		38B9E57C209EF5CC00773B0F /* thighR2.obj in Resources */ = {isa = PBXBuildFile; fileRef = 38B9E524209EF5C900773B0F /* thighR2.obj */; };
		38B9E57E209EF5CC00773B0F /* thighR4.obj in Resources */ = {isa = PBXBuildFile; fileRef = 38B9E526209EF5CA00773B0F /* thighR4.obj */; };
		38B9E57F209EF5CC00773B0F /* biceptR.obj in Resources */ = {isa = PBXBuildFile; fileRef = 38B9E527209EF5CA00773B0F /* biceptR.obj */; };
		38B9E580209EF5CC00773B0F /* tricept2L.obj in Resources */ = {isa = PBXBuildFile; fileRef = 38B9E528209EF5CA00773B0F /* tricept2L.obj */; };
		38B9E581209EF5CC00773B0F /* upperback_L.obj in Resources */ = {isa = PBXBuildFile; fileRef = 38B9E529209EF5CA00773B0F /* upperback_L.obj */; };
		38B9E582209EF5CC00773B0F /* calfR6.obj in Resources */ = {isa = PBXBuildFile; fileRef = 38B9E52A209EF5CA00773B0F /* calfR6.obj */; };
		38B9E583209EF5CC00773B0F /* man_skele.obj in Resources */ = {isa = PBXBuildFile; fileRef = 38B9E52B209EF5CA00773B0F /* man_skele.obj */; };
		38B9E584209EF5CC00773B0F /* midback_L.obj in Resources */ = {isa = PBXBuildFile; fileRef = 38B9E52C209EF5CB00773B0F /* midback_L.obj */; };
		38B9E585209EF5CC00773B0F /* outershoulder_L.obj in Resources */ = {isa = PBXBuildFile; fileRef = 38B9E52D209EF5CB00773B0F /* outershoulder_L.obj */; };
		38B9E586209EF5CC00773B0F /* upperlegLside.obj in Resources */ = {isa = PBXBuildFile; fileRef = 38B9E52E209EF5CB00773B0F /* upperlegLside.obj */; };
		38B9E587209EF5CC00773B0F /* ribmuscles_R.obj in Resources */ = {isa = PBXBuildFile; fileRef = 38B9E52F209EF5CB00773B0F /* ribmuscles_R.obj */; };
		38B9E588209EF5CC00773B0F /* AbsL.obj in Resources */ = {isa = PBXBuildFile; fileRef = 38B9E530209EF5CB00773B0F /* AbsL.obj */; };
		38B9E589209EF5CC00773B0F /* innerShoulder_L.obj in Resources */ = {isa = PBXBuildFile; fileRef = 38B9E531209EF5CB00773B0F /* innerShoulder_L.obj */; };
		38B9E58A209EF5CC00773B0F /* forearm2L.obj in Resources */ = {isa = PBXBuildFile; fileRef = 38B9E532209EF5CB00773B0F /* forearm2L.obj */; };
		38B9E58B209EF5CC00773B0F /* frontshoulderR.obj in Resources */ = {isa = PBXBuildFile; fileRef = 38B9E533209EF5CB00773B0F /* frontshoulderR.obj */; };
		38B9E58C209EF5CC00773B0F /* thighR_6.obj in Resources */ = {isa = PBXBuildFile; fileRef = 38B9E534209EF5CB00773B0F /* thighR_6.obj */; };
		38B9E58D209EF5CC00773B0F /* thighR1.obj in Resources */ = {isa = PBXBuildFile; fileRef = 38B9E535209EF5CB00773B0F /* thighR1.obj */; };
		38B9E58E209EF5CC00773B0F /* thighR5.obj in Resources */ = {isa = PBXBuildFile; fileRef = 38B9E536209EF5CB00773B0F /* thighR5.obj */; };
		38B9E58F209EF5CC00773B0F /* calfL2.obj in Resources */ = {isa = PBXBuildFile; fileRef = 38B9E537209EF5CB00773B0F /* calfL2.obj */; };
		38B9E590209EF5CC00773B0F /* forearmR2.obj in Resources */ = {isa = PBXBuildFile; fileRef = 38B9E538209EF5CB00773B0F /* forearmR2.obj */; };
		38B9E591209EF5CC00773B0F /* neck_R.obj in Resources */ = {isa = PBXBuildFile; fileRef = 38B9E539209EF5CB00773B0F /* neck_R.obj */; };
		38B9E592209EF5CC00773B0F /* triceptR.obj in Resources */ = {isa = PBXBuildFile; fileRef = 38B9E53A209EF5CC00773B0F /* triceptR.obj */; };
		6F046598209ABFDC0066FA14 /* GenderEntryCell.swift in Sources */ = {isa = PBXBuildFile; fileRef = 6F046597209ABFDC0066FA14 /* GenderEntryCell.swift */; };
		6F04659A209AC2FF0066FA14 /* GenderEntryCellDelegate.swift in Sources */ = {isa = PBXBuildFile; fileRef = 6F046599209AC2FF0066FA14 /* GenderEntryCellDelegate.swift */; };
		6F04659C209ACB860066FA14 /* HeightEntryCell.swift in Sources */ = {isa = PBXBuildFile; fileRef = 6F04659B209ACB860066FA14 /* HeightEntryCell.swift */; };
		6F04659E209ACBB60066FA14 /* HeightEntryCellDelegate.swift in Sources */ = {isa = PBXBuildFile; fileRef = 6F04659D209ACBB60066FA14 /* HeightEntryCellDelegate.swift */; };
		6F0465A0209B1EB10066FA14 /* WeightEntryCell.swift in Sources */ = {isa = PBXBuildFile; fileRef = 6F04659F209B1EB10066FA14 /* WeightEntryCell.swift */; };
		6F0465A2209B1F350066FA14 /* WeightEntryCellDelegate.swift in Sources */ = {isa = PBXBuildFile; fileRef = 6F0465A1209B1F350066FA14 /* WeightEntryCellDelegate.swift */; };
		6F0EFF4220B18F4A004AAD2E /* skele8.mp4 in Resources */ = {isa = PBXBuildFile; fileRef = 6F0EFF4120B18F4A004AAD2E /* skele8.mp4 */; };
		6F0EFF4520B19274004AAD2E /* AlertDialog.swift in Sources */ = {isa = PBXBuildFile; fileRef = 6F0EFF4420B19274004AAD2E /* AlertDialog.swift */; };
		6F0EFF6F20B5710F004AAD2E /* OnBoardController.swift in Sources */ = {isa = PBXBuildFile; fileRef = 6F0EFF6E20B5710F004AAD2E /* OnBoardController.swift */; };
		6F0EFF7120B57134004AAD2E /* PageCell.swift in Sources */ = {isa = PBXBuildFile; fileRef = 6F0EFF7020B57134004AAD2E /* PageCell.swift */; };
		6F0EFF7320B57142004AAD2E /* PageModel.swift in Sources */ = {isa = PBXBuildFile; fileRef = 6F0EFF7220B57142004AAD2E /* PageModel.swift */; };
		6F17059A2085DFE100F6265C /* AppDelegate.swift in Sources */ = {isa = PBXBuildFile; fileRef = 6F1705992085DFE100F6265C /* AppDelegate.swift */; };
		6F1705A12085DFE100F6265C /* Assets.xcassets in Resources */ = {isa = PBXBuildFile; fileRef = 6F1705A02085DFE100F6265C /* Assets.xcassets */; };
		6F1705AF2085DFE100F6265C /* MPM_Sft_Eng_ProjTests.swift in Sources */ = {isa = PBXBuildFile; fileRef = 6F1705AE2085DFE100F6265C /* MPM_Sft_Eng_ProjTests.swift */; };
		6F1705BA2085DFE100F6265C /* MPM_Sft_Eng_ProjUITests.swift in Sources */ = {isa = PBXBuildFile; fileRef = 6F1705B92085DFE100F6265C /* MPM_Sft_Eng_ProjUITests.swift */; };
		6F1705C82085E23500F6265C /* GoogleService-Info.plist in Resources */ = {isa = PBXBuildFile; fileRef = 6F1705C72085E23500F6265C /* GoogleService-Info.plist */; };
		6F1705CA2085E7D300F6265C /* HomeController.swift in Sources */ = {isa = PBXBuildFile; fileRef = 6F1705C92085E7D300F6265C /* HomeController.swift */; };
		6F1705CC2085E7F400F6265C /* MainTabBarController.swift in Sources */ = {isa = PBXBuildFile; fileRef = 6F1705CB2085E7F400F6265C /* MainTabBarController.swift */; };
		6F1705CE2085E81E00F6265C /* SignUserUpController.swift in Sources */ = {isa = PBXBuildFile; fileRef = 6F1705CD2085E81E00F6265C /* SignUserUpController.swift */; };
		6F1705D02085E84700F6265C /* UserController.swift in Sources */ = {isa = PBXBuildFile; fileRef = 6F1705CF2085E84700F6265C /* UserController.swift */; };
		6F1705D22085E8B600F6265C /* WelcomeController.swift in Sources */ = {isa = PBXBuildFile; fileRef = 6F1705D12085E8B600F6265C /* WelcomeController.swift */; };
		6F1705D42085E8D300F6265C /* Extensions.swift in Sources */ = {isa = PBXBuildFile; fileRef = 6F1705D32085E8D300F6265C /* Extensions.swift */; };
		6F1705D62085E8EF00F6265C /* Service.swift in Sources */ = {isa = PBXBuildFile; fileRef = 6F1705D52085E8EF00F6265C /* Service.swift */; };
		6F1705DA2085E94300F6265C /* User.swift in Sources */ = {isa = PBXBuildFile; fileRef = 6F1705D92085E94300F6265C /* User.swift */; };
		6F26AA982095952E009A3446 /* NoButtonCell.swift in Sources */ = {isa = PBXBuildFile; fileRef = 6F26AA972095952E009A3446 /* NoButtonCell.swift */; };
		6F26AA9A20959580009A3446 /* GenericHeader.swift in Sources */ = {isa = PBXBuildFile; fileRef = 6F26AA9920959580009A3446 /* GenericHeader.swift */; };
		6F26AA9C20959707009A3446 /* ButtonCell.swift in Sources */ = {isa = PBXBuildFile; fileRef = 6F26AA9B20959707009A3446 /* ButtonCell.swift */; };
		6F26AAB120974470009A3446 /* MaterialWrapper.swift in Sources */ = {isa = PBXBuildFile; fileRef = 6F26AAB020974470009A3446 /* MaterialWrapper.swift */; };
		6F26AAB3209744D9009A3446 /* MeshLoader.swift in Sources */ = {isa = PBXBuildFile; fileRef = 6F26AAB2209744D9009A3446 /* MeshLoader.swift */; };
		6F26AAB5209744FE009A3446 /* ObjectWrapper.swift in Sources */ = {isa = PBXBuildFile; fileRef = 6F26AAB4209744FE009A3446 /* ObjectWrapper.swift */; };
		6F26AAB720974524009A3446 /* Object.swift in Sources */ = {isa = PBXBuildFile; fileRef = 6F26AAB620974524009A3446 /* Object.swift */; };
		6F26AAB92097C796009A3446 /* HealthProfileController.swift in Sources */ = {isa = PBXBuildFile; fileRef = 6F26AAB82097C796009A3446 /* HealthProfileController.swift */; };
		6F26AABB2097D06D009A3446 /* DateEntryCell.swift in Sources */ = {isa = PBXBuildFile; fileRef = 6F26AABA2097D06D009A3446 /* DateEntryCell.swift */; };
		6F26AABD2097D2EA009A3446 /* DateEntryCellDelegate.swift in Sources */ = {isa = PBXBuildFile; fileRef = 6F26AABC2097D2EA009A3446 /* DateEntryCellDelegate.swift */; };
		6F5AD2FD20E329F200A9B4F6 /* GradientSlider.swift in Sources */ = {isa = PBXBuildFile; fileRef = 6F5AD2FC20E329F200A9B4F6 /* GradientSlider.swift */; };
		6F7C1B5520A988EA005E884D /* Man_Skin.obj in Resources */ = {isa = PBXBuildFile; fileRef = 6F7C1B5420A988EA005E884D /* Man_Skin.obj */; };
		6F9308FC20E4561D001C09D5 /* FatigueAlertDialog.swift in Sources */ = {isa = PBXBuildFile; fileRef = 6F9308FB20E4561D001C09D5 /* FatigueAlertDialog.swift */; };
		6FB1882920E5A8EB00256767 /* ChartTestViewController.swift in Sources */ = {isa = PBXBuildFile; fileRef = 6FB1882820E5A8EB00256767 /* ChartTestViewController.swift */; };
		6FB1882B20E5B1A500256767 /* ExampleDefaults.swift in Sources */ = {isa = PBXBuildFile; fileRef = 6FB1882A20E5B1A500256767 /* ExampleDefaults.swift */; };
		6FD4A77920A6D97D00F10250 /* LoginViewController.swift in Sources */ = {isa = PBXBuildFile; fileRef = 6FD4A77820A6D97D00F10250 /* LoginViewController.swift */; };
		6FE4D8AF208AF89D000F8B62 /* Launch Screen.storyboard in Resources */ = {isa = PBXBuildFile; fileRef = 6FE4D8AE208AF89C000F8B62 /* Launch Screen.storyboard */; };
		6FE4D8B1208AFAD2000F8B62 /* LoginFlowWorker.swift in Sources */ = {isa = PBXBuildFile; fileRef = 6FE4D8B0208AFAD2000F8B62 /* LoginFlowWorker.swift */; };
		7A4A89FAE877BC3236763333 /* Pods_MPM_Sft_Eng_Proj.framework in Frameworks */ = {isa = PBXBuildFile; fileRef = 170DB7D019CDD8B183E3A47D /* Pods_MPM_Sft_Eng_Proj.framework */; };
		A71EB271881ECC232284F31F /* Pods_MPM_Sft_Eng_ProjTests.framework in Frameworks */ = {isa = PBXBuildFile; fileRef = C12968BFE633187E78B4F5F9 /* Pods_MPM_Sft_Eng_ProjTests.framework */; };
		BB03F3CDF02D574A5891A1BA /* Pods_MPM_Sft_Eng_ProjUITests.framework in Frameworks */ = {isa = PBXBuildFile; fileRef = 8D6499365C55EF7ECE09C3C8 /* Pods_MPM_Sft_Eng_ProjUITests.framework */; };
/* End PBXBuildFile section */

/* Begin PBXContainerItemProxy section */
		6F1705AB2085DFE100F6265C /* PBXContainerItemProxy */ = {
			isa = PBXContainerItemProxy;
			containerPortal = 6F17058E2085DFE100F6265C /* Project object */;
			proxyType = 1;
			remoteGlobalIDString = 6F1705952085DFE100F6265C;
			remoteInfo = "MPM-Sft-Eng-Proj";
		};
		6F1705B62085DFE100F6265C /* PBXContainerItemProxy */ = {
			isa = PBXContainerItemProxy;
			containerPortal = 6F17058E2085DFE100F6265C /* Project object */;
			proxyType = 1;
			remoteGlobalIDString = 6F1705952085DFE100F6265C;
			remoteInfo = "MPM-Sft-Eng-Proj";
		};
/* End PBXContainerItemProxy section */

/* Begin PBXFileReference section */
		170DB7D019CDD8B183E3A47D /* Pods_MPM_Sft_Eng_Proj.framework */ = {isa = PBXFileReference; explicitFileType = wrapper.framework; includeInIndex = 0; path = Pods_MPM_Sft_Eng_Proj.framework; sourceTree = BUILT_PRODUCTS_DIR; };
		1B0B7306F65F9607BA1BE341 /* Pods-MPM-Sft-Eng-ProjUITests.debug.xcconfig */ = {isa = PBXFileReference; includeInIndex = 1; lastKnownFileType = text.xcconfig; name = "Pods-MPM-Sft-Eng-ProjUITests.debug.xcconfig"; path = "Pods/Target Support Files/Pods-MPM-Sft-Eng-ProjUITests/Pods-MPM-Sft-Eng-ProjUITests.debug.xcconfig"; sourceTree = "<group>"; };
		381611272095942300801604 /* bg.jpg */ = {isa = PBXFileReference; lastKnownFileType = image.jpeg; path = bg.jpg; sourceTree = SOURCE_ROOT; };
		38324DF0208B14FC005605B9 /* SummaryController.swift */ = {isa = PBXFileReference; lastKnownFileType = sourcecode.swift; path = SummaryController.swift; sourceTree = "<group>"; };
		38324DF2208B1601005605B9 /* SceneKit.framework */ = {isa = PBXFileReference; lastKnownFileType = wrapper.framework; name = SceneKit.framework; path = System/Library/Frameworks/SceneKit.framework; sourceTree = SDKROOT; };
		384D7CB92092B46800DBE5E3 /* femalemesh.obj */ = {isa = PBXFileReference; fileEncoding = 4; lastKnownFileType = text; path = femalemesh.obj; sourceTree = "<group>"; };
		384D7CBD2092BC0D00DBE5E3 /* tex.jpg */ = {isa = PBXFileReference; lastKnownFileType = image.jpeg; path = tex.jpg; sourceTree = "<group>"; };
		384D7CBF2092BE3D00DBE5E3 /* skin.png */ = {isa = PBXFileReference; lastKnownFileType = image.png; path = skin.png; sourceTree = "<group>"; };
		3876397E20B90A59009AA4F9 /* hitmaps3.bundle */ = {isa = PBXFileReference; lastKnownFileType = "wrapper.plug-in"; path = hitmaps3.bundle; sourceTree = "<group>"; };
		38B9E4E3209EF5BE00773B0F /* upperLegFrontL2.obj */ = {isa = PBXFileReference; fileEncoding = 4; lastKnownFileType = text; path = upperLegFrontL2.obj; sourceTree = "<group>"; };
		38B9E4E4209EF5BE00773B0F /* forearmR7.obj */ = {isa = PBXFileReference; fileEncoding = 4; lastKnownFileType = text; path = forearmR7.obj; sourceTree = "<group>"; };
		38B9E4E5209EF5BE00773B0F /* forearmR4.obj */ = {isa = PBXFileReference; fileEncoding = 4; lastKnownFileType = text; path = forearmR4.obj; sourceTree = "<group>"; };
		38B9E4E6209EF5BE00773B0F /* bumR.obj */ = {isa = PBXFileReference; fileEncoding = 4; lastKnownFileType = text; path = bumR.obj; sourceTree = "<group>"; };
		38B9E4E7209EF5BE00773B0F /* hipL.obj */ = {isa = PBXFileReference; fileEncoding = 4; lastKnownFileType = text; path = hipL.obj; sourceTree = "<group>"; };
		38B9E4E8209EF5BE00773B0F /* topback_R.obj */ = {isa = PBXFileReference; fileEncoding = 4; lastKnownFileType = text; path = topback_R.obj; sourceTree = "<group>"; };
		38B9E4E9209EF5BE00773B0F /* AbsR.obj */ = {isa = PBXFileReference; fileEncoding = 4; lastKnownFileType = text; path = AbsR.obj; sourceTree = "<group>"; };
		38B9E4EA209EF5BE00773B0F /* thigh_L3.obj */ = {isa = PBXFileReference; fileEncoding = 4; lastKnownFileType = text; path = thigh_L3.obj; sourceTree = "<group>"; };
		38B9E4EB209EF5BE00773B0F /* hipR.obj */ = {isa = PBXFileReference; fileEncoding = 4; lastKnownFileType = text; path = hipR.obj; sourceTree = "<group>"; };
		38B9E4EC209EF5BF00773B0F /* midback_R.obj */ = {isa = PBXFileReference; fileEncoding = 4; lastKnownFileType = text; path = midback_R.obj; sourceTree = "<group>"; };
		38B9E4ED209EF5BF00773B0F /* forearm5L.obj */ = {isa = PBXFileReference; fileEncoding = 4; lastKnownFileType = text; path = forearm5L.obj; sourceTree = "<group>"; };
		38B9E4EE209EF5BF00773B0F /* forarmR.obj */ = {isa = PBXFileReference; fileEncoding = 4; lastKnownFileType = text; path = forarmR.obj; sourceTree = "<group>"; };
		38B9E4EF209EF5BF00773B0F /* calfL6.obj */ = {isa = PBXFileReference; fileEncoding = 4; lastKnownFileType = text; path = calfL6.obj; sourceTree = "<group>"; };
		38B9E4F0209EF5C000773B0F /* ribmuscles_L.obj */ = {isa = PBXFileReference; fileEncoding = 4; lastKnownFileType = text; path = ribmuscles_L.obj; sourceTree = "<group>"; };
		38B9E4F1209EF5C000773B0F /* calfR.obj */ = {isa = PBXFileReference; fileEncoding = 4; lastKnownFileType = text; path = calfR.obj; sourceTree = "<group>"; };
		38B9E4F2209EF5C000773B0F /* calfR5.obj */ = {isa = PBXFileReference; fileEncoding = 4; lastKnownFileType = text; path = calfR5.obj; sourceTree = "<group>"; };
		38B9E4F3209EF5C000773B0F /* calfR3.obj */ = {isa = PBXFileReference; fileEncoding = 4; lastKnownFileType = text; path = calfR3.obj; sourceTree = "<group>"; };
		38B9E4F4209EF5C000773B0F /* thighR_5.obj */ = {isa = PBXFileReference; fileEncoding = 4; lastKnownFileType = text; path = thighR_5.obj; sourceTree = "<group>"; };
		38B9E4F5209EF5C000773B0F /* triceptR2.obj */ = {isa = PBXFileReference; fileEncoding = 4; lastKnownFileType = text; path = triceptR2.obj; sourceTree = "<group>"; };
		38B9E4F6209EF5C000773B0F /* upperbum_L.obj */ = {isa = PBXFileReference; fileEncoding = 4; lastKnownFileType = text; path = upperbum_L.obj; sourceTree = "<group>"; };
		38B9E4F7209EF5C100773B0F /* shoulderR2.obj */ = {isa = PBXFileReference; fileEncoding = 4; lastKnownFileType = text; path = shoulderR2.obj; sourceTree = "<group>"; };
		38B9E4F8209EF5C100773B0F /* upperleg2InnerL.obj */ = {isa = PBXFileReference; fileEncoding = 4; lastKnownFileType = text; path = upperleg2InnerL.obj; sourceTree = "<group>"; };
		38B9E4F9209EF5C100773B0F /* upperlegBackL.obj */ = {isa = PBXFileReference; fileEncoding = 4; lastKnownFileType = text; path = upperlegBackL.obj; sourceTree = "<group>"; };
		38B9E4FA209EF5C100773B0F /* deltoidFront.obj */ = {isa = PBXFileReference; fileEncoding = 4; lastKnownFileType = text; path = deltoidFront.obj; sourceTree = "<group>"; };
		38B9E4FB209EF5C100773B0F /* upperLegFrontL.obj */ = {isa = PBXFileReference; fileEncoding = 4; lastKnownFileType = text; path = upperLegFrontL.obj; sourceTree = "<group>"; };
		38B9E4FC209EF5C100773B0F /* upperLegbackL2.obj */ = {isa = PBXFileReference; fileEncoding = 4; lastKnownFileType = text; path = upperLegbackL2.obj; sourceTree = "<group>"; };
		38B9E4FD209EF5C200773B0F /* calfR2.obj */ = {isa = PBXFileReference; fileEncoding = 4; lastKnownFileType = text; path = calfR2.obj; sourceTree = "<group>"; };
		38B9E4FE209EF5C200773B0F /* biceptR3.obj */ = {isa = PBXFileReference; fileEncoding = 4; lastKnownFileType = text; path = biceptR3.obj; sourceTree = "<group>"; };
		38B9E4FF209EF5C200773B0F /* forearm6L.obj */ = {isa = PBXFileReference; fileEncoding = 4; lastKnownFileType = text; path = forearm6L.obj; sourceTree = "<group>"; };
		38B9E500209EF5C200773B0F /* upperarm_outerL.obj */ = {isa = PBXFileReference; fileEncoding = 4; lastKnownFileType = text; path = upperarm_outerL.obj; sourceTree = "<group>"; };
		38B9E501209EF5C200773B0F /* Chest_L.obj */ = {isa = PBXFileReference; fileEncoding = 4; lastKnownFileType = text; path = Chest_L.obj; sourceTree = "<group>"; };
		38B9E502209EF5C200773B0F /* Innershoulder_R.obj */ = {isa = PBXFileReference; fileEncoding = 4; lastKnownFileType = text; path = Innershoulder_R.obj; sourceTree = "<group>"; };
		38B9E503209EF5C200773B0F /* Lowerback_R.obj */ = {isa = PBXFileReference; fileEncoding = 4; lastKnownFileType = text; path = Lowerback_R.obj; sourceTree = "<group>"; };
		38B9E504209EF5C300773B0F /* thighR_7.obj */ = {isa = PBXFileReference; fileEncoding = 4; lastKnownFileType = text; path = thighR_7.obj; sourceTree = "<group>"; };
		38B9E505209EF5C300773B0F /* deltoidbackL.obj */ = {isa = PBXFileReference; fileEncoding = 4; lastKnownFileType = text; path = deltoidbackL.obj; sourceTree = "<group>"; };
		38B9E506209EF5C300773B0F /* calfL3.obj */ = {isa = PBXFileReference; fileEncoding = 4; lastKnownFileType = text; path = calfL3.obj; sourceTree = "<group>"; };
		38B9E507209EF5C300773B0F /* outerShoulder_R.obj */ = {isa = PBXFileReference; fileEncoding = 4; lastKnownFileType = text; path = outerShoulder_R.obj; sourceTree = "<group>"; };
		38B9E508209EF5C300773B0F /* LegthighL.obj */ = {isa = PBXFileReference; fileEncoding = 4; lastKnownFileType = text; path = LegthighL.obj; sourceTree = "<group>"; };
		38B9E509209EF5C400773B0F /* lowerback_L.obj */ = {isa = PBXFileReference; fileEncoding = 4; lastKnownFileType = text; path = lowerback_L.obj; sourceTree = "<group>"; };
		38B9E50A209EF5C400773B0F /* thighR3.obj */ = {isa = PBXFileReference; fileEncoding = 4; lastKnownFileType = text; path = thighR3.obj; sourceTree = "<group>"; };
		38B9E50B209EF5C400773B0F /* upperback_R.obj */ = {isa = PBXFileReference; fileEncoding = 4; lastKnownFileType = text; path = upperback_R.obj; sourceTree = "<group>"; };
		38B9E50C209EF5C400773B0F /* biceptR2.obj */ = {isa = PBXFileReference; fileEncoding = 4; lastKnownFileType = text; path = biceptR2.obj; sourceTree = "<group>"; };
		38B9E50D209EF5C400773B0F /* forearmR5.obj */ = {isa = PBXFileReference; fileEncoding = 4; lastKnownFileType = text; path = forearmR5.obj; sourceTree = "<group>"; };
		38B9E50E209EF5C500773B0F /* bicepttopL.obj */ = {isa = PBXFileReference; fileEncoding = 4; lastKnownFileType = text; path = bicepttopL.obj; sourceTree = "<group>"; };
		38B9E50F209EF5C500773B0F /* shoulderR.obj */ = {isa = PBXFileReference; fileEncoding = 4; lastKnownFileType = text; path = shoulderR.obj; sourceTree = "<group>"; };
		38B9E510209EF5C500773B0F /* calfR4.obj */ = {isa = PBXFileReference; fileEncoding = 4; lastKnownFileType = text; path = calfR4.obj; sourceTree = "<group>"; };
		38B9E511209EF5C500773B0F /* neck_L.obj */ = {isa = PBXFileReference; fileEncoding = 4; lastKnownFileType = text; path = neck_L.obj; sourceTree = "<group>"; };
		38B9E512209EF5C500773B0F /* forearm4L.obj */ = {isa = PBXFileReference; fileEncoding = 4; lastKnownFileType = text; path = forearm4L.obj; sourceTree = "<group>"; };
		38B9E513209EF5C500773B0F /* bicept2L.obj */ = {isa = PBXFileReference; fileEncoding = 4; lastKnownFileType = text; path = bicept2L.obj; sourceTree = "<group>"; };
		38B9E514209EF5C600773B0F /* forearm3L.obj */ = {isa = PBXFileReference; fileEncoding = 4; lastKnownFileType = text; path = forearm3L.obj; sourceTree = "<group>"; };
		38B9E515209EF5C600773B0F /* triceptsL.obj */ = {isa = PBXFileReference; fileEncoding = 4; lastKnownFileType = text; path = triceptsL.obj; sourceTree = "<group>"; };
		38B9E516209EF5C600773B0F /* throatL.obj */ = {isa = PBXFileReference; fileEncoding = 4; lastKnownFileType = text; path = throatL.obj; sourceTree = "<group>"; };
		38B9E517209EF5C600773B0F /* deltoid_topL.obj */ = {isa = PBXFileReference; fileEncoding = 4; lastKnownFileType = text; path = deltoid_topL.obj; sourceTree = "<group>"; };
		38B9E518209EF5C600773B0F /* forearm1L.obj */ = {isa = PBXFileReference; fileEncoding = 4; lastKnownFileType = text; path = forearm1L.obj; sourceTree = "<group>"; };
		38B9E519209EF5C600773B0F /* forearmR3.obj */ = {isa = PBXFileReference; fileEncoding = 4; lastKnownFileType = text; path = forearmR3.obj; sourceTree = "<group>"; };
		38B9E51A209EF5C700773B0F /* topback_L.obj */ = {isa = PBXFileReference; fileEncoding = 4; lastKnownFileType = text; path = topback_L.obj; sourceTree = "<group>"; };
		38B9E51B209EF5C800773B0F /* chest_R.obj */ = {isa = PBXFileReference; fileEncoding = 4; lastKnownFileType = text; path = chest_R.obj; sourceTree = "<group>"; };
		38B9E51C209EF5C800773B0F /* calfL5.obj */ = {isa = PBXFileReference; fileEncoding = 4; lastKnownFileType = text; path = calfL5.obj; sourceTree = "<group>"; };
		38B9E51D209EF5C800773B0F /* forearm7L.obj */ = {isa = PBXFileReference; fileEncoding = 4; lastKnownFileType = text; path = forearm7L.obj; sourceTree = "<group>"; };
		38B9E51E209EF5C800773B0F /* forearmR6.obj */ = {isa = PBXFileReference; fileEncoding = 4; lastKnownFileType = text; path = forearmR6.obj; sourceTree = "<group>"; };
		38B9E51F209EF5C800773B0F /* calfL.obj */ = {isa = PBXFileReference; fileEncoding = 4; lastKnownFileType = text; path = calfL.obj; sourceTree = "<group>"; };
		38B9E520209EF5C900773B0F /* calfL4.obj */ = {isa = PBXFileReference; fileEncoding = 4; lastKnownFileType = text; path = calfL4.obj; sourceTree = "<group>"; };
		38B9E521209EF5C900773B0F /* upperbumR.obj */ = {isa = PBXFileReference; fileEncoding = 4; lastKnownFileType = text; path = upperbumR.obj; sourceTree = "<group>"; };
		38B9E522209EF5C900773B0F /* throat_R.obj */ = {isa = PBXFileReference; fileEncoding = 4; lastKnownFileType = text; path = throat_R.obj; sourceTree = "<group>"; };
		38B9E523209EF5C900773B0F /* bumL.obj */ = {isa = PBXFileReference; fileEncoding = 4; lastKnownFileType = text; path = bumL.obj; sourceTree = "<group>"; };
		38B9E524209EF5C900773B0F /* thighR2.obj */ = {isa = PBXFileReference; fileEncoding = 4; lastKnownFileType = text; path = thighR2.obj; sourceTree = "<group>"; };
		38B9E526209EF5CA00773B0F /* thighR4.obj */ = {isa = PBXFileReference; fileEncoding = 4; lastKnownFileType = text; path = thighR4.obj; sourceTree = "<group>"; };
		38B9E527209EF5CA00773B0F /* biceptR.obj */ = {isa = PBXFileReference; fileEncoding = 4; lastKnownFileType = text; path = biceptR.obj; sourceTree = "<group>"; };
		38B9E528209EF5CA00773B0F /* tricept2L.obj */ = {isa = PBXFileReference; fileEncoding = 4; lastKnownFileType = text; path = tricept2L.obj; sourceTree = "<group>"; };
		38B9E529209EF5CA00773B0F /* upperback_L.obj */ = {isa = PBXFileReference; fileEncoding = 4; lastKnownFileType = text; path = upperback_L.obj; sourceTree = "<group>"; };
		38B9E52A209EF5CA00773B0F /* calfR6.obj */ = {isa = PBXFileReference; fileEncoding = 4; lastKnownFileType = text; path = calfR6.obj; sourceTree = "<group>"; };
		38B9E52B209EF5CA00773B0F /* man_skele.obj */ = {isa = PBXFileReference; fileEncoding = 4; lastKnownFileType = text; path = man_skele.obj; sourceTree = "<group>"; };
		38B9E52C209EF5CB00773B0F /* midback_L.obj */ = {isa = PBXFileReference; fileEncoding = 4; lastKnownFileType = text; path = midback_L.obj; sourceTree = "<group>"; };
		38B9E52D209EF5CB00773B0F /* outershoulder_L.obj */ = {isa = PBXFileReference; fileEncoding = 4; lastKnownFileType = text; path = outershoulder_L.obj; sourceTree = "<group>"; };
		38B9E52E209EF5CB00773B0F /* upperlegLside.obj */ = {isa = PBXFileReference; fileEncoding = 4; lastKnownFileType = text; path = upperlegLside.obj; sourceTree = "<group>"; };
		38B9E52F209EF5CB00773B0F /* ribmuscles_R.obj */ = {isa = PBXFileReference; fileEncoding = 4; lastKnownFileType = text; path = ribmuscles_R.obj; sourceTree = "<group>"; };
		38B9E530209EF5CB00773B0F /* AbsL.obj */ = {isa = PBXFileReference; fileEncoding = 4; lastKnownFileType = text; path = AbsL.obj; sourceTree = "<group>"; };
		38B9E531209EF5CB00773B0F /* innerShoulder_L.obj */ = {isa = PBXFileReference; fileEncoding = 4; lastKnownFileType = text; path = innerShoulder_L.obj; sourceTree = "<group>"; };
		38B9E532209EF5CB00773B0F /* forearm2L.obj */ = {isa = PBXFileReference; fileEncoding = 4; lastKnownFileType = text; path = forearm2L.obj; sourceTree = "<group>"; };
		38B9E533209EF5CB00773B0F /* frontshoulderR.obj */ = {isa = PBXFileReference; fileEncoding = 4; lastKnownFileType = text; path = frontshoulderR.obj; sourceTree = "<group>"; };
		38B9E534209EF5CB00773B0F /* thighR_6.obj */ = {isa = PBXFileReference; fileEncoding = 4; lastKnownFileType = text; path = thighR_6.obj; sourceTree = "<group>"; };
		38B9E535209EF5CB00773B0F /* thighR1.obj */ = {isa = PBXFileReference; fileEncoding = 4; lastKnownFileType = text; path = thighR1.obj; sourceTree = "<group>"; };
		38B9E536209EF5CB00773B0F /* thighR5.obj */ = {isa = PBXFileReference; fileEncoding = 4; lastKnownFileType = text; path = thighR5.obj; sourceTree = "<group>"; };
		38B9E537209EF5CB00773B0F /* calfL2.obj */ = {isa = PBXFileReference; fileEncoding = 4; lastKnownFileType = text; path = calfL2.obj; sourceTree = "<group>"; };
		38B9E538209EF5CB00773B0F /* forearmR2.obj */ = {isa = PBXFileReference; fileEncoding = 4; lastKnownFileType = text; path = forearmR2.obj; sourceTree = "<group>"; };
		38B9E539209EF5CB00773B0F /* neck_R.obj */ = {isa = PBXFileReference; fileEncoding = 4; lastKnownFileType = text; path = neck_R.obj; sourceTree = "<group>"; };
		38B9E53A209EF5CC00773B0F /* triceptR.obj */ = {isa = PBXFileReference; fileEncoding = 4; lastKnownFileType = text; path = triceptR.obj; sourceTree = "<group>"; };
		38B9E59F209EF80600773B0F /* Man_Skin.obj */ = {isa = PBXFileReference; fileEncoding = 4; lastKnownFileType = text; path = Man_Skin.obj; sourceTree = "<group>"; };
		38B9E5A0209EF80700773B0F /* man_skele.obj */ = {isa = PBXFileReference; fileEncoding = 4; lastKnownFileType = text; path = man_skele.obj; sourceTree = "<group>"; };
		4B8FAAEE662DE03393C1BA20 /* Pods-MPM-Sft-Eng-ProjUITests.release.xcconfig */ = {isa = PBXFileReference; includeInIndex = 1; lastKnownFileType = text.xcconfig; name = "Pods-MPM-Sft-Eng-ProjUITests.release.xcconfig"; path = "Pods/Target Support Files/Pods-MPM-Sft-Eng-ProjUITests/Pods-MPM-Sft-Eng-ProjUITests.release.xcconfig"; sourceTree = "<group>"; };
		6F046597209ABFDC0066FA14 /* GenderEntryCell.swift */ = {isa = PBXFileReference; lastKnownFileType = sourcecode.swift; path = GenderEntryCell.swift; sourceTree = "<group>"; };
		6F046599209AC2FF0066FA14 /* GenderEntryCellDelegate.swift */ = {isa = PBXFileReference; lastKnownFileType = sourcecode.swift; path = GenderEntryCellDelegate.swift; sourceTree = "<group>"; };
		6F04659B209ACB860066FA14 /* HeightEntryCell.swift */ = {isa = PBXFileReference; lastKnownFileType = sourcecode.swift; path = HeightEntryCell.swift; sourceTree = "<group>"; };
		6F04659D209ACBB60066FA14 /* HeightEntryCellDelegate.swift */ = {isa = PBXFileReference; lastKnownFileType = sourcecode.swift; path = HeightEntryCellDelegate.swift; sourceTree = "<group>"; };
		6F04659F209B1EB10066FA14 /* WeightEntryCell.swift */ = {isa = PBXFileReference; lastKnownFileType = sourcecode.swift; path = WeightEntryCell.swift; sourceTree = "<group>"; };
		6F0465A1209B1F350066FA14 /* WeightEntryCellDelegate.swift */ = {isa = PBXFileReference; lastKnownFileType = sourcecode.swift; path = WeightEntryCellDelegate.swift; sourceTree = "<group>"; };
		6F0EFF4120B18F4A004AAD2E /* skele8.mp4 */ = {isa = PBXFileReference; lastKnownFileType = text; path = skele8.mp4; sourceTree = "<group>"; };
		6F0EFF4420B19274004AAD2E /* AlertDialog.swift */ = {isa = PBXFileReference; lastKnownFileType = sourcecode.swift; path = AlertDialog.swift; sourceTree = "<group>"; };
		6F0EFF6E20B5710F004AAD2E /* OnBoardController.swift */ = {isa = PBXFileReference; fileEncoding = 4; lastKnownFileType = sourcecode.swift; path = OnBoardController.swift; sourceTree = "<group>"; };
		6F0EFF7020B57134004AAD2E /* PageCell.swift */ = {isa = PBXFileReference; fileEncoding = 4; lastKnownFileType = sourcecode.swift; path = PageCell.swift; sourceTree = "<group>"; };
		6F0EFF7220B57142004AAD2E /* PageModel.swift */ = {isa = PBXFileReference; fileEncoding = 4; lastKnownFileType = sourcecode.swift; path = PageModel.swift; sourceTree = "<group>"; };
		6F1705962085DFE100F6265C /* MPM-Sft-Eng-Proj.app */ = {isa = PBXFileReference; explicitFileType = wrapper.application; includeInIndex = 0; path = "MPM-Sft-Eng-Proj.app"; sourceTree = BUILT_PRODUCTS_DIR; };
		6F1705992085DFE100F6265C /* AppDelegate.swift */ = {isa = PBXFileReference; lastKnownFileType = sourcecode.swift; path = AppDelegate.swift; sourceTree = "<group>"; };
		6F1705A02085DFE100F6265C /* Assets.xcassets */ = {isa = PBXFileReference; lastKnownFileType = folder.assetcatalog; path = Assets.xcassets; sourceTree = "<group>"; };
		6F1705A52085DFE100F6265C /* Info.plist */ = {isa = PBXFileReference; lastKnownFileType = text.plist.xml; path = Info.plist; sourceTree = "<group>"; };
		6F1705AA2085DFE100F6265C /* MPM-Sft-Eng-ProjTests.xctest */ = {isa = PBXFileReference; explicitFileType = wrapper.cfbundle; includeInIndex = 0; path = "MPM-Sft-Eng-ProjTests.xctest"; sourceTree = BUILT_PRODUCTS_DIR; };
		6F1705AE2085DFE100F6265C /* MPM_Sft_Eng_ProjTests.swift */ = {isa = PBXFileReference; lastKnownFileType = sourcecode.swift; path = MPM_Sft_Eng_ProjTests.swift; sourceTree = "<group>"; };
		6F1705B02085DFE100F6265C /* Info.plist */ = {isa = PBXFileReference; lastKnownFileType = text.plist.xml; path = Info.plist; sourceTree = "<group>"; };
		6F1705B52085DFE100F6265C /* MPM-Sft-Eng-ProjUITests.xctest */ = {isa = PBXFileReference; explicitFileType = wrapper.cfbundle; includeInIndex = 0; path = "MPM-Sft-Eng-ProjUITests.xctest"; sourceTree = BUILT_PRODUCTS_DIR; };
		6F1705B92085DFE100F6265C /* MPM_Sft_Eng_ProjUITests.swift */ = {isa = PBXFileReference; lastKnownFileType = sourcecode.swift; path = MPM_Sft_Eng_ProjUITests.swift; sourceTree = "<group>"; };
		6F1705BB2085DFE100F6265C /* Info.plist */ = {isa = PBXFileReference; lastKnownFileType = text.plist.xml; path = Info.plist; sourceTree = "<group>"; };
		6F1705C72085E23500F6265C /* GoogleService-Info.plist */ = {isa = PBXFileReference; fileEncoding = 4; lastKnownFileType = text.plist.xml; path = "GoogleService-Info.plist"; sourceTree = "<group>"; };
		6F1705C92085E7D300F6265C /* HomeController.swift */ = {isa = PBXFileReference; lastKnownFileType = sourcecode.swift; path = HomeController.swift; sourceTree = "<group>"; };
		6F1705CB2085E7F400F6265C /* MainTabBarController.swift */ = {isa = PBXFileReference; lastKnownFileType = sourcecode.swift; path = MainTabBarController.swift; sourceTree = "<group>"; };
		6F1705CD2085E81E00F6265C /* SignUserUpController.swift */ = {isa = PBXFileReference; lastKnownFileType = sourcecode.swift; path = SignUserUpController.swift; sourceTree = "<group>"; };
		6F1705CF2085E84700F6265C /* UserController.swift */ = {isa = PBXFileReference; lastKnownFileType = sourcecode.swift; path = UserController.swift; sourceTree = "<group>"; };
		6F1705D12085E8B600F6265C /* WelcomeController.swift */ = {isa = PBXFileReference; lastKnownFileType = sourcecode.swift; path = WelcomeController.swift; sourceTree = "<group>"; };
		6F1705D32085E8D300F6265C /* Extensions.swift */ = {isa = PBXFileReference; lastKnownFileType = sourcecode.swift; path = Extensions.swift; sourceTree = "<group>"; };
		6F1705D52085E8EF00F6265C /* Service.swift */ = {isa = PBXFileReference; lastKnownFileType = sourcecode.swift; path = Service.swift; sourceTree = "<group>"; };
		6F1705D92085E94300F6265C /* User.swift */ = {isa = PBXFileReference; lastKnownFileType = sourcecode.swift; path = User.swift; sourceTree = "<group>"; };
		6F26AA972095952E009A3446 /* NoButtonCell.swift */ = {isa = PBXFileReference; lastKnownFileType = sourcecode.swift; path = NoButtonCell.swift; sourceTree = "<group>"; };
		6F26AA9920959580009A3446 /* GenericHeader.swift */ = {isa = PBXFileReference; lastKnownFileType = sourcecode.swift; path = GenericHeader.swift; sourceTree = "<group>"; };
		6F26AA9B20959707009A3446 /* ButtonCell.swift */ = {isa = PBXFileReference; lastKnownFileType = sourcecode.swift; path = ButtonCell.swift; sourceTree = "<group>"; };
		6F26AAB020974470009A3446 /* MaterialWrapper.swift */ = {isa = PBXFileReference; lastKnownFileType = sourcecode.swift; path = MaterialWrapper.swift; sourceTree = "<group>"; };
		6F26AAB2209744D9009A3446 /* MeshLoader.swift */ = {isa = PBXFileReference; lastKnownFileType = sourcecode.swift; path = MeshLoader.swift; sourceTree = "<group>"; };
		6F26AAB4209744FE009A3446 /* ObjectWrapper.swift */ = {isa = PBXFileReference; lastKnownFileType = sourcecode.swift; path = ObjectWrapper.swift; sourceTree = "<group>"; };
		6F26AAB620974524009A3446 /* Object.swift */ = {isa = PBXFileReference; lastKnownFileType = sourcecode.swift; path = Object.swift; sourceTree = "<group>"; };
		6F26AAB82097C796009A3446 /* HealthProfileController.swift */ = {isa = PBXFileReference; lastKnownFileType = sourcecode.swift; path = HealthProfileController.swift; sourceTree = "<group>"; };
		6F26AABA2097D06D009A3446 /* DateEntryCell.swift */ = {isa = PBXFileReference; lastKnownFileType = sourcecode.swift; path = DateEntryCell.swift; sourceTree = "<group>"; };
		6F26AABC2097D2EA009A3446 /* DateEntryCellDelegate.swift */ = {isa = PBXFileReference; lastKnownFileType = sourcecode.swift; path = DateEntryCellDelegate.swift; sourceTree = "<group>"; };
		6F5AD2FC20E329F200A9B4F6 /* GradientSlider.swift */ = {isa = PBXFileReference; lastKnownFileType = sourcecode.swift; path = GradientSlider.swift; sourceTree = "<group>"; };
		6F7C1B5420A988EA005E884D /* Man_Skin.obj */ = {isa = PBXFileReference; fileEncoding = 4; lastKnownFileType = text; name = Man_Skin.obj; path = "MPM-Sft-Eng-Proj/3D objects/Man_Skin.obj"; sourceTree = SOURCE_ROOT; };
		6F9308FB20E4561D001C09D5 /* FatigueAlertDialog.swift */ = {isa = PBXFileReference; lastKnownFileType = sourcecode.swift; path = FatigueAlertDialog.swift; sourceTree = "<group>"; };
		6FB1882820E5A8EB00256767 /* ChartTestViewController.swift */ = {isa = PBXFileReference; lastKnownFileType = sourcecode.swift; path = ChartTestViewController.swift; sourceTree = "<group>"; };
		6FB1882A20E5B1A500256767 /* ExampleDefaults.swift */ = {isa = PBXFileReference; lastKnownFileType = sourcecode.swift; path = ExampleDefaults.swift; sourceTree = "<group>"; };
		6FD4A77820A6D97D00F10250 /* LoginViewController.swift */ = {isa = PBXFileReference; lastKnownFileType = sourcecode.swift; path = LoginViewController.swift; sourceTree = "<group>"; };
		6FE4D8AE208AF89C000F8B62 /* Launch Screen.storyboard */ = {isa = PBXFileReference; lastKnownFileType = file.storyboard; path = "Launch Screen.storyboard"; sourceTree = "<group>"; };
		6FE4D8B0208AFAD2000F8B62 /* LoginFlowWorker.swift */ = {isa = PBXFileReference; lastKnownFileType = sourcecode.swift; path = LoginFlowWorker.swift; sourceTree = "<group>"; };
		8CF67229C7499DF2B37AEE21 /* Pods-MPM-Sft-Eng-ProjTests.debug.xcconfig */ = {isa = PBXFileReference; includeInIndex = 1; lastKnownFileType = text.xcconfig; name = "Pods-MPM-Sft-Eng-ProjTests.debug.xcconfig"; path = "Pods/Target Support Files/Pods-MPM-Sft-Eng-ProjTests/Pods-MPM-Sft-Eng-ProjTests.debug.xcconfig"; sourceTree = "<group>"; };
		8D6499365C55EF7ECE09C3C8 /* Pods_MPM_Sft_Eng_ProjUITests.framework */ = {isa = PBXFileReference; explicitFileType = wrapper.framework; includeInIndex = 0; path = Pods_MPM_Sft_Eng_ProjUITests.framework; sourceTree = BUILT_PRODUCTS_DIR; };
		BFE1B8B722755F21DC3DDC49 /* Pods-MPM-Sft-Eng-Proj.debug.xcconfig */ = {isa = PBXFileReference; includeInIndex = 1; lastKnownFileType = text.xcconfig; name = "Pods-MPM-Sft-Eng-Proj.debug.xcconfig"; path = "Pods/Target Support Files/Pods-MPM-Sft-Eng-Proj/Pods-MPM-Sft-Eng-Proj.debug.xcconfig"; sourceTree = "<group>"; };
		C12968BFE633187E78B4F5F9 /* Pods_MPM_Sft_Eng_ProjTests.framework */ = {isa = PBXFileReference; explicitFileType = wrapper.framework; includeInIndex = 0; path = Pods_MPM_Sft_Eng_ProjTests.framework; sourceTree = BUILT_PRODUCTS_DIR; };
		D01689D2B5D20C6249C89B21 /* Pods-MPM-Sft-Eng-Proj.release.xcconfig */ = {isa = PBXFileReference; includeInIndex = 1; lastKnownFileType = text.xcconfig; name = "Pods-MPM-Sft-Eng-Proj.release.xcconfig"; path = "Pods/Target Support Files/Pods-MPM-Sft-Eng-Proj/Pods-MPM-Sft-Eng-Proj.release.xcconfig"; sourceTree = "<group>"; };
		E2286A8D1504C9CBA13CAAFE /* Pods-MPM-Sft-Eng-ProjTests.release.xcconfig */ = {isa = PBXFileReference; includeInIndex = 1; lastKnownFileType = text.xcconfig; name = "Pods-MPM-Sft-Eng-ProjTests.release.xcconfig"; path = "Pods/Target Support Files/Pods-MPM-Sft-Eng-ProjTests/Pods-MPM-Sft-Eng-ProjTests.release.xcconfig"; sourceTree = "<group>"; };
/* End PBXFileReference section */

/* Begin PBXFrameworksBuildPhase section */
		6F1705932085DFE100F6265C /* Frameworks */ = {
			isa = PBXFrameworksBuildPhase;
			buildActionMask = 2147483647;
			files = (
				38324DF3208B1601005605B9 /* SceneKit.framework in Frameworks */,
				7A4A89FAE877BC3236763333 /* Pods_MPM_Sft_Eng_Proj.framework in Frameworks */,
			);
			runOnlyForDeploymentPostprocessing = 0;
		};
		6F1705A72085DFE100F6265C /* Frameworks */ = {
			isa = PBXFrameworksBuildPhase;
			buildActionMask = 2147483647;
			files = (
				A71EB271881ECC232284F31F /* Pods_MPM_Sft_Eng_ProjTests.framework in Frameworks */,
			);
			runOnlyForDeploymentPostprocessing = 0;
		};
		6F1705B22085DFE100F6265C /* Frameworks */ = {
			isa = PBXFrameworksBuildPhase;
			buildActionMask = 2147483647;
			files = (
				BB03F3CDF02D574A5891A1BA /* Pods_MPM_Sft_Eng_ProjUITests.framework in Frameworks */,
			);
			runOnlyForDeploymentPostprocessing = 0;
		};
/* End PBXFrameworksBuildPhase section */

/* Begin PBXGroup section */
		0DD2246419D84EF18C55733E /* Pods */ = {
			isa = PBXGroup;
			children = (
				BFE1B8B722755F21DC3DDC49 /* Pods-MPM-Sft-Eng-Proj.debug.xcconfig */,
				D01689D2B5D20C6249C89B21 /* Pods-MPM-Sft-Eng-Proj.release.xcconfig */,
				8CF67229C7499DF2B37AEE21 /* Pods-MPM-Sft-Eng-ProjTests.debug.xcconfig */,
				E2286A8D1504C9CBA13CAAFE /* Pods-MPM-Sft-Eng-ProjTests.release.xcconfig */,
				1B0B7306F65F9607BA1BE341 /* Pods-MPM-Sft-Eng-ProjUITests.debug.xcconfig */,
				4B8FAAEE662DE03393C1BA20 /* Pods-MPM-Sft-Eng-ProjUITests.release.xcconfig */,
			);
			name = Pods;
			sourceTree = "<group>";
		};
		38B9E4E2209EF4EF00773B0F /* Muscles */ = {
			isa = PBXGroup;
			children = (
				6F7C1B5420A988EA005E884D /* Man_Skin.obj */,
				38B9E530209EF5CB00773B0F /* AbsL.obj */,
				38B9E4E9209EF5BE00773B0F /* AbsR.obj */,
				38B9E513209EF5C500773B0F /* bicept2L.obj */,
				38B9E527209EF5CA00773B0F /* biceptR.obj */,
				38B9E50C209EF5C400773B0F /* biceptR2.obj */,
				38B9E4FE209EF5C200773B0F /* biceptR3.obj */,
				38B9E50E209EF5C500773B0F /* bicepttopL.obj */,
				38B9E523209EF5C900773B0F /* bumL.obj */,
				38B9E4E6209EF5BE00773B0F /* bumR.obj */,
				38B9E51F209EF5C800773B0F /* calfL.obj */,
				38B9E537209EF5CB00773B0F /* calfL2.obj */,
				38B9E506209EF5C300773B0F /* calfL3.obj */,
				38B9E520209EF5C900773B0F /* calfL4.obj */,
				38B9E51C209EF5C800773B0F /* calfL5.obj */,
				38B9E4EF209EF5BF00773B0F /* calfL6.obj */,
				38B9E4F1209EF5C000773B0F /* calfR.obj */,
				38B9E4FD209EF5C200773B0F /* calfR2.obj */,
				38B9E4F3209EF5C000773B0F /* calfR3.obj */,
				38B9E510209EF5C500773B0F /* calfR4.obj */,
				38B9E4F2209EF5C000773B0F /* calfR5.obj */,
				38B9E52A209EF5CA00773B0F /* calfR6.obj */,
				38B9E501209EF5C200773B0F /* Chest_L.obj */,
				38B9E51B209EF5C800773B0F /* chest_R.obj */,
				38B9E517209EF5C600773B0F /* deltoid_topL.obj */,
				38B9E505209EF5C300773B0F /* deltoidbackL.obj */,
				38B9E4FA209EF5C100773B0F /* deltoidFront.obj */,
				38B9E4EE209EF5BF00773B0F /* forarmR.obj */,
				38B9E518209EF5C600773B0F /* forearm1L.obj */,
				38B9E532209EF5CB00773B0F /* forearm2L.obj */,
				38B9E514209EF5C600773B0F /* forearm3L.obj */,
				38B9E512209EF5C500773B0F /* forearm4L.obj */,
				38B9E4ED209EF5BF00773B0F /* forearm5L.obj */,
				38B9E4FF209EF5C200773B0F /* forearm6L.obj */,
				38B9E51D209EF5C800773B0F /* forearm7L.obj */,
				38B9E538209EF5CB00773B0F /* forearmR2.obj */,
				38B9E519209EF5C600773B0F /* forearmR3.obj */,
				38B9E4E5209EF5BE00773B0F /* forearmR4.obj */,
				38B9E50D209EF5C400773B0F /* forearmR5.obj */,
				38B9E51E209EF5C800773B0F /* forearmR6.obj */,
				38B9E4E4209EF5BE00773B0F /* forearmR7.obj */,
				38B9E533209EF5CB00773B0F /* frontshoulderR.obj */,
				38B9E4E7209EF5BE00773B0F /* hipL.obj */,
				38B9E4EB209EF5BE00773B0F /* hipR.obj */,
				38B9E531209EF5CB00773B0F /* innerShoulder_L.obj */,
				38B9E502209EF5C200773B0F /* Innershoulder_R.obj */,
				38B9E508209EF5C300773B0F /* LegthighL.obj */,
				38B9E509209EF5C400773B0F /* lowerback_L.obj */,
				38B9E503209EF5C200773B0F /* Lowerback_R.obj */,
				38B9E52B209EF5CA00773B0F /* man_skele.obj */,
				38B9E52C209EF5CB00773B0F /* midback_L.obj */,
				38B9E4EC209EF5BF00773B0F /* midback_R.obj */,
				38B9E511209EF5C500773B0F /* neck_L.obj */,
				38B9E539209EF5CB00773B0F /* neck_R.obj */,
				38B9E52D209EF5CB00773B0F /* outershoulder_L.obj */,
				38B9E507209EF5C300773B0F /* outerShoulder_R.obj */,
				38B9E4F0209EF5C000773B0F /* ribmuscles_L.obj */,
				38B9E52F209EF5CB00773B0F /* ribmuscles_R.obj */,
				38B9E50F209EF5C500773B0F /* shoulderR.obj */,
				38B9E4F7209EF5C100773B0F /* shoulderR2.obj */,
				38B9E4EA209EF5BE00773B0F /* thigh_L3.obj */,
				38B9E4F4209EF5C000773B0F /* thighR_5.obj */,
				38B9E534209EF5CB00773B0F /* thighR_6.obj */,
				38B9E504209EF5C300773B0F /* thighR_7.obj */,
				38B9E535209EF5CB00773B0F /* thighR1.obj */,
				38B9E524209EF5C900773B0F /* thighR2.obj */,
				38B9E50A209EF5C400773B0F /* thighR3.obj */,
				38B9E526209EF5CA00773B0F /* thighR4.obj */,
				38B9E536209EF5CB00773B0F /* thighR5.obj */,
				38B9E522209EF5C900773B0F /* throat_R.obj */,
				38B9E516209EF5C600773B0F /* throatL.obj */,
				38B9E51A209EF5C700773B0F /* topback_L.obj */,
				38B9E4E8209EF5BE00773B0F /* topback_R.obj */,
				38B9E528209EF5CA00773B0F /* tricept2L.obj */,
				38B9E53A209EF5CC00773B0F /* triceptR.obj */,
				38B9E4F5209EF5C000773B0F /* triceptR2.obj */,
				38B9E515209EF5C600773B0F /* triceptsL.obj */,
				38B9E500209EF5C200773B0F /* upperarm_outerL.obj */,
				38B9E529209EF5CA00773B0F /* upperback_L.obj */,
				38B9E50B209EF5C400773B0F /* upperback_R.obj */,
				38B9E4F6209EF5C000773B0F /* upperbum_L.obj */,
				38B9E521209EF5C900773B0F /* upperbumR.obj */,
				38B9E4F8209EF5C100773B0F /* upperleg2InnerL.obj */,
				38B9E4F9209EF5C100773B0F /* upperlegBackL.obj */,
				38B9E4FC209EF5C100773B0F /* upperLegbackL2.obj */,
				38B9E4FB209EF5C100773B0F /* upperLegFrontL.obj */,
				38B9E4E3209EF5BE00773B0F /* upperLegFrontL2.obj */,
				38B9E52E209EF5CB00773B0F /* upperlegLside.obj */,
			);
			path = Muscles;
			sourceTree = "<group>";
		};
		6F0EFF4320B191D2004AAD2E /* CustomDialogs */ = {
			isa = PBXGroup;
			children = (
				6F0EFF4420B19274004AAD2E /* AlertDialog.swift */,
				6F9308FB20E4561D001C09D5 /* FatigueAlertDialog.swift */,
			);
			path = CustomDialogs;
			sourceTree = "<group>";
		};
		6F17058D2085DFE100F6265C = {
			isa = PBXGroup;
			children = (
				6F5AD2FB20E329D300A9B4F6 /* ExternalLibraries */,
				3876397E20B90A59009AA4F9 /* hitmaps3.bundle */,
				6F1705982085DFE100F6265C /* MPM-Sft-Eng-Proj */,
				6F1705AD2085DFE100F6265C /* MPM-Sft-Eng-ProjTests */,
				6F1705B82085DFE100F6265C /* MPM-Sft-Eng-ProjUITests */,
				6F1705972085DFE100F6265C /* Products */,
				0DD2246419D84EF18C55733E /* Pods */,
				9EF82062E76845780E55E19C /* Frameworks */,
			);
			sourceTree = "<group>";
		};
		6F1705972085DFE100F6265C /* Products */ = {
			isa = PBXGroup;
			children = (
				6F1705962085DFE100F6265C /* MPM-Sft-Eng-Proj.app */,
				6F1705AA2085DFE100F6265C /* MPM-Sft-Eng-ProjTests.xctest */,
				6F1705B52085DFE100F6265C /* MPM-Sft-Eng-ProjUITests.xctest */,
			);
			name = Products;
			sourceTree = "<group>";
		};
		6F1705982085DFE100F6265C /* MPM-Sft-Eng-Proj */ = {
			isa = PBXGroup;
			children = (
				6F0EFF4320B191D2004AAD2E /* CustomDialogs */,
				6F26AAAF20974454009A3446 /* MaterialUtils */,
				6F26AA96209594EB009A3446 /* Custom TableCells */,
				6F6A008520946E7400A8E5DA /* 3D objects */,
				6F1705DD2085EF2F00F6265C /* Domain */,
				6F1705DC2085EF1D00F6265C /* Utils */,
				6F1705DB2085EEF500F6265C /* ViewControllers */,
				6F1705992085DFE100F6265C /* AppDelegate.swift */,
				6F1705C72085E23500F6265C /* GoogleService-Info.plist */,
				6F1705A52085DFE100F6265C /* Info.plist */,
				6F1705A02085DFE100F6265C /* Assets.xcassets */,
				6FE4D8AE208AF89C000F8B62 /* Launch Screen.storyboard */,
			);
			path = "MPM-Sft-Eng-Proj";
			sourceTree = "<group>";
		};
		6F1705AD2085DFE100F6265C /* MPM-Sft-Eng-ProjTests */ = {
			isa = PBXGroup;
			children = (
				6F1705AE2085DFE100F6265C /* MPM_Sft_Eng_ProjTests.swift */,
				6F1705B02085DFE100F6265C /* Info.plist */,
			);
			path = "MPM-Sft-Eng-ProjTests";
			sourceTree = "<group>";
		};
		6F1705B82085DFE100F6265C /* MPM-Sft-Eng-ProjUITests */ = {
			isa = PBXGroup;
			children = (
				6F1705B92085DFE100F6265C /* MPM_Sft_Eng_ProjUITests.swift */,
				6F1705BB2085DFE100F6265C /* Info.plist */,
			);
			path = "MPM-Sft-Eng-ProjUITests";
			sourceTree = "<group>";
		};
		6F1705DB2085EEF500F6265C /* ViewControllers */ = {
			isa = PBXGroup;
			children = (
				6F1705C92085E7D300F6265C /* HomeController.swift */,
				6F1705CB2085E7F400F6265C /* MainTabBarController.swift */,
				6F1705CD2085E81E00F6265C /* SignUserUpController.swift */,
				6F0EFF6E20B5710F004AAD2E /* OnBoardController.swift */,
				6F1705CF2085E84700F6265C /* UserController.swift */,
				6F1705D12085E8B600F6265C /* WelcomeController.swift */,
				38324DF0208B14FC005605B9 /* SummaryController.swift */,
				6F26AAB82097C796009A3446 /* HealthProfileController.swift */,
				6FD4A77820A6D97D00F10250 /* LoginViewController.swift */,
				6FB1882820E5A8EB00256767 /* ChartTestViewController.swift */,
				6FB1882A20E5B1A500256767 /* ExampleDefaults.swift */,
			);
			path = ViewControllers;
			sourceTree = "<group>";
		};
		6F1705DC2085EF1D00F6265C /* Utils */ = {
			isa = PBXGroup;
			children = (
				6F1705D32085E8D300F6265C /* Extensions.swift */,
				6F0EFF7220B57142004AAD2E /* PageModel.swift */,
				6F1705D52085E8EF00F6265C /* Service.swift */,
				6FE4D8B0208AFAD2000F8B62 /* LoginFlowWorker.swift */,
			);
			path = Utils;
			sourceTree = "<group>";
		};
		6F1705DD2085EF2F00F6265C /* Domain */ = {
			isa = PBXGroup;
			children = (
				6F1705D92085E94300F6265C /* User.swift */,
			);
			path = Domain;
			sourceTree = "<group>";
		};
		6F26AA96209594EB009A3446 /* Custom TableCells */ = {
			isa = PBXGroup;
			children = (
				6F26AA972095952E009A3446 /* NoButtonCell.swift */,
				6F26AA9920959580009A3446 /* GenericHeader.swift */,
				6F0EFF7020B57134004AAD2E /* PageCell.swift */,
				6F26AA9B20959707009A3446 /* ButtonCell.swift */,
				6F26AABA2097D06D009A3446 /* DateEntryCell.swift */,
				6F26AABC2097D2EA009A3446 /* DateEntryCellDelegate.swift */,
				6F046597209ABFDC0066FA14 /* GenderEntryCell.swift */,
				6F046599209AC2FF0066FA14 /* GenderEntryCellDelegate.swift */,
				6F04659B209ACB860066FA14 /* HeightEntryCell.swift */,
				6F04659D209ACBB60066FA14 /* HeightEntryCellDelegate.swift */,
				6F04659F209B1EB10066FA14 /* WeightEntryCell.swift */,
				6F0465A1209B1F350066FA14 /* WeightEntryCellDelegate.swift */,
			);
			path = "Custom TableCells";
			sourceTree = "<group>";
		};
		6F26AAAF20974454009A3446 /* MaterialUtils */ = {
			isa = PBXGroup;
			children = (
				6F26AAB020974470009A3446 /* MaterialWrapper.swift */,
				6F26AAB2209744D9009A3446 /* MeshLoader.swift */,
				6F26AAB4209744FE009A3446 /* ObjectWrapper.swift */,
				6F26AAB620974524009A3446 /* Object.swift */,
			);
			path = MaterialUtils;
			sourceTree = "<group>";
		};
		6F5AD2FB20E329D300A9B4F6 /* ExternalLibraries */ = {
			isa = PBXGroup;
			children = (
				6F5AD2FC20E329F200A9B4F6 /* GradientSlider.swift */,
			);
			path = ExternalLibraries;
			sourceTree = "<group>";
		};
		6F6A008520946E7400A8E5DA /* 3D objects */ = {
			isa = PBXGroup;
			children = (
				6F0EFF4120B18F4A004AAD2E /* skele8.mp4 */,
				38B9E59F209EF80600773B0F /* Man_Skin.obj */,
				38B9E4E2209EF4EF00773B0F /* Muscles */,
				381611272095942300801604 /* bg.jpg */,
				38B9E5A0209EF80700773B0F /* man_skele.obj */,
				384D7CBF2092BE3D00DBE5E3 /* skin.png */,
				384D7CBD2092BC0D00DBE5E3 /* tex.jpg */,
				384D7CB92092B46800DBE5E3 /* femalemesh.obj */,
			);
			path = "3D objects";
			sourceTree = "<group>";
		};
		9EF82062E76845780E55E19C /* Frameworks */ = {
			isa = PBXGroup;
			children = (
				38324DF2208B1601005605B9 /* SceneKit.framework */,
				170DB7D019CDD8B183E3A47D /* Pods_MPM_Sft_Eng_Proj.framework */,
				C12968BFE633187E78B4F5F9 /* Pods_MPM_Sft_Eng_ProjTests.framework */,
				8D6499365C55EF7ECE09C3C8 /* Pods_MPM_Sft_Eng_ProjUITests.framework */,
			);
			name = Frameworks;
			sourceTree = "<group>";
		};
/* End PBXGroup section */

/* Begin PBXNativeTarget section */
		6F1705952085DFE100F6265C /* MPM-Sft-Eng-Proj */ = {
			isa = PBXNativeTarget;
			buildConfigurationList = 6F1705BE2085DFE100F6265C /* Build configuration list for PBXNativeTarget "MPM-Sft-Eng-Proj" */;
			buildPhases = (
				FB7F50FC2DE4973D4E4650F3 /* [CP] Check Pods Manifest.lock */,
				6F1705922085DFE100F6265C /* Sources */,
				6F1705932085DFE100F6265C /* Frameworks */,
				6F1705942085DFE100F6265C /* Resources */,
				E4D2B092661EC735FB4E3299 /* [CP] Embed Pods Frameworks */,
				2A45C2D7ACBDC15720F1A8DC /* [CP] Copy Pods Resources */,
			);
			buildRules = (
			);
			dependencies = (
			);
			name = "MPM-Sft-Eng-Proj";
			productName = "MPM-Sft-Eng-Proj";
			productReference = 6F1705962085DFE100F6265C /* MPM-Sft-Eng-Proj.app */;
			productType = "com.apple.product-type.application";
		};
		6F1705A92085DFE100F6265C /* MPM-Sft-Eng-ProjTests */ = {
			isa = PBXNativeTarget;
			buildConfigurationList = 6F1705C12085DFE100F6265C /* Build configuration list for PBXNativeTarget "MPM-Sft-Eng-ProjTests" */;
			buildPhases = (
				B0C2620B0E563DACA23241B8 /* [CP] Check Pods Manifest.lock */,
				6F1705A62085DFE100F6265C /* Sources */,
				6F1705A72085DFE100F6265C /* Frameworks */,
				6F1705A82085DFE100F6265C /* Resources */,
				0646710B3A130E41F49FCB6C /* [CP] Embed Pods Frameworks */,
				CCA61DF720C2F13B41376400 /* [CP] Copy Pods Resources */,
			);
			buildRules = (
			);
			dependencies = (
				6F1705AC2085DFE100F6265C /* PBXTargetDependency */,
			);
			name = "MPM-Sft-Eng-ProjTests";
			productName = "MPM-Sft-Eng-ProjTests";
			productReference = 6F1705AA2085DFE100F6265C /* MPM-Sft-Eng-ProjTests.xctest */;
			productType = "com.apple.product-type.bundle.unit-test";
		};
		6F1705B42085DFE100F6265C /* MPM-Sft-Eng-ProjUITests */ = {
			isa = PBXNativeTarget;
			buildConfigurationList = 6F1705C42085DFE100F6265C /* Build configuration list for PBXNativeTarget "MPM-Sft-Eng-ProjUITests" */;
			buildPhases = (
				61C19ACA1DA4AC233208D8ED /* [CP] Check Pods Manifest.lock */,
				6F1705B12085DFE100F6265C /* Sources */,
				6F1705B22085DFE100F6265C /* Frameworks */,
				6F1705B32085DFE100F6265C /* Resources */,
				B0DBBCE720A30790F1124F20 /* [CP] Embed Pods Frameworks */,
				58108D9198000A022F179620 /* [CP] Copy Pods Resources */,
			);
			buildRules = (
			);
			dependencies = (
				6F1705B72085DFE100F6265C /* PBXTargetDependency */,
			);
			name = "MPM-Sft-Eng-ProjUITests";
			productName = "MPM-Sft-Eng-ProjUITests";
			productReference = 6F1705B52085DFE100F6265C /* MPM-Sft-Eng-ProjUITests.xctest */;
			productType = "com.apple.product-type.bundle.ui-testing";
		};
/* End PBXNativeTarget section */

/* Begin PBXProject section */
		6F17058E2085DFE100F6265C /* Project object */ = {
			isa = PBXProject;
			attributes = {
				LastSwiftUpdateCheck = 0910;
				LastUpgradeCheck = 0940;
				ORGANIZATIONNAME = "Harrison Ellerm";
				TargetAttributes = {
					6F1705952085DFE100F6265C = {
						CreatedOnToolsVersion = 9.1;
						ProvisioningStyle = Automatic;
					};
					6F1705A92085DFE100F6265C = {
						CreatedOnToolsVersion = 9.1;
						ProvisioningStyle = Automatic;
						TestTargetID = 6F1705952085DFE100F6265C;
					};
					6F1705B42085DFE100F6265C = {
						CreatedOnToolsVersion = 9.1;
						ProvisioningStyle = Automatic;
						TestTargetID = 6F1705952085DFE100F6265C;
					};
				};
			};
			buildConfigurationList = 6F1705912085DFE100F6265C /* Build configuration list for PBXProject "MPM-Sft-Eng-Proj" */;
			compatibilityVersion = "Xcode 8.0";
			developmentRegion = en;
			hasScannedForEncodings = 0;
			knownRegions = (
				en,
				Base,
			);
			mainGroup = 6F17058D2085DFE100F6265C;
			productRefGroup = 6F1705972085DFE100F6265C /* Products */;
			projectDirPath = "";
			projectRoot = "";
			targets = (
				6F1705952085DFE100F6265C /* MPM-Sft-Eng-Proj */,
				6F1705A92085DFE100F6265C /* MPM-Sft-Eng-ProjTests */,
				6F1705B42085DFE100F6265C /* MPM-Sft-Eng-ProjUITests */,
			);
		};
/* End PBXProject section */

/* Begin PBXResourcesBuildPhase section */
		6F1705942085DFE100F6265C /* Resources */ = {
			isa = PBXResourcesBuildPhase;
			buildActionMask = 2147483647;
			files = (
				38B9E54C209EF5CC00773B0F /* thighR_5.obj in Resources */,
				38B9E54F209EF5CC00773B0F /* shoulderR2.obj in Resources */,
				38B9E56C209EF5CC00773B0F /* forearm3L.obj in Resources */,
				38B9E55F209EF5CC00773B0F /* outerShoulder_R.obj in Resources */,
				38B9E562209EF5CC00773B0F /* thighR3.obj in Resources */,
				38B9E561209EF5CC00773B0F /* lowerback_L.obj in Resources */,
				38B9E546209EF5CC00773B0F /* forarmR.obj in Resources */,
				38B9E572209EF5CC00773B0F /* topback_L.obj in Resources */,
				38B9E555209EF5CC00773B0F /* calfR2.obj in Resources */,
				38B9E592209EF5CC00773B0F /* triceptR.obj in Resources */,
				6FE4D8AF208AF89D000F8B62 /* Launch Screen.storyboard in Resources */,
				38B9E58C209EF5CC00773B0F /* thighR_6.obj in Resources */,
				38B9E56A209EF5CC00773B0F /* forearm4L.obj in Resources */,
				38B9E54E209EF5CC00773B0F /* upperbum_L.obj in Resources */,
				38B9E559209EF5CC00773B0F /* Chest_L.obj in Resources */,
				38B9E56D209EF5CC00773B0F /* triceptsL.obj in Resources */,
				38B9E55A209EF5CC00773B0F /* Innershoulder_R.obj in Resources */,
				38B9E54A209EF5CC00773B0F /* calfR5.obj in Resources */,
				6F1705C82085E23500F6265C /* GoogleService-Info.plist in Resources */,
				38B9E564209EF5CC00773B0F /* biceptR2.obj in Resources */,
				38B9E567209EF5CC00773B0F /* shoulderR.obj in Resources */,
				38B9E552209EF5CC00773B0F /* deltoidFront.obj in Resources */,
				384D7CBB2092B46900DBE5E3 /* femalemesh.obj in Resources */,
				38B9E554209EF5CC00773B0F /* upperLegbackL2.obj in Resources */,
				38B9E591209EF5CC00773B0F /* neck_R.obj in Resources */,
				38B9E571209EF5CC00773B0F /* forearmR3.obj in Resources */,
				38B9E542209EF5CC00773B0F /* thigh_L3.obj in Resources */,
				38B9E579209EF5CC00773B0F /* upperbumR.obj in Resources */,
				38B9E557209EF5CC00773B0F /* forearm6L.obj in Resources */,
				384D7CBE2092BC0E00DBE5E3 /* tex.jpg in Resources */,
				38B9E53D209EF5CC00773B0F /* forearmR4.obj in Resources */,
				38B9E575209EF5CC00773B0F /* forearm7L.obj in Resources */,
				38B9E589209EF5CC00773B0F /* innerShoulder_L.obj in Resources */,
				38B9E57F209EF5CC00773B0F /* biceptR.obj in Resources */,
				38B9E549209EF5CC00773B0F /* calfR.obj in Resources */,
				38B9E55D209EF5CC00773B0F /* deltoidbackL.obj in Resources */,
				38B9E56F209EF5CC00773B0F /* deltoid_topL.obj in Resources */,
				38B9E581209EF5CC00773B0F /* upperback_L.obj in Resources */,
				38B9E57C209EF5CC00773B0F /* thighR2.obj in Resources */,
				38B9E58E209EF5CC00773B0F /* thighR5.obj in Resources */,
				38B9E53E209EF5CC00773B0F /* bumR.obj in Resources */,
				38B9E53C209EF5CC00773B0F /* forearmR7.obj in Resources */,
				38B9E553209EF5CC00773B0F /* upperLegFrontL.obj in Resources */,
				38B9E558209EF5CC00773B0F /* upperarm_outerL.obj in Resources */,
				38B9E574209EF5CC00773B0F /* calfL5.obj in Resources */,
				6F0EFF4220B18F4A004AAD2E /* skele8.mp4 in Resources */,
				38B9E586209EF5CC00773B0F /* upperlegLside.obj in Resources */,
				38B9E560209EF5CC00773B0F /* LegthighL.obj in Resources */,
				38B9E56E209EF5CC00773B0F /* throatL.obj in Resources */,
				384D7CC02092BE3E00DBE5E3 /* skin.png in Resources */,
				38B9E570209EF5CC00773B0F /* forearm1L.obj in Resources */,
				6F1705A12085DFE100F6265C /* Assets.xcassets in Resources */,
				38B9E565209EF5CC00773B0F /* forearmR5.obj in Resources */,
				38B9E550209EF5CC00773B0F /* upperleg2InnerL.obj in Resources */,
				38B9E590209EF5CC00773B0F /* forearmR2.obj in Resources */,
				38B9E54D209EF5CC00773B0F /* triceptR2.obj in Resources */,
				38B9E551209EF5CC00773B0F /* upperlegBackL.obj in Resources */,
				38B9E556209EF5CC00773B0F /* biceptR3.obj in Resources */,
				38B9E545209EF5CC00773B0F /* forearm5L.obj in Resources */,
				38B9E566209EF5CC00773B0F /* bicepttopL.obj in Resources */,
				38B9E578209EF5CC00773B0F /* calfL4.obj in Resources */,
				3876397F20B90A5A009AA4F9 /* hitmaps3.bundle in Resources */,
				381611282095942300801604 /* bg.jpg in Resources */,
				38B9E577209EF5CC00773B0F /* calfL.obj in Resources */,
				38B9E563209EF5CC00773B0F /* upperback_R.obj in Resources */,
				38B9E541209EF5CC00773B0F /* AbsR.obj in Resources */,
				38B9E543209EF5CC00773B0F /* hipR.obj in Resources */,
				38B9E576209EF5CC00773B0F /* forearmR6.obj in Resources */,
				38B9E58A209EF5CC00773B0F /* forearm2L.obj in Resources */,
				38B9E547209EF5CC00773B0F /* calfL6.obj in Resources */,
				38B9E54B209EF5CC00773B0F /* calfR3.obj in Resources */,
				38B9E568209EF5CC00773B0F /* calfR4.obj in Resources */,
				38B9E58F209EF5CC00773B0F /* calfL2.obj in Resources */,
				38B9E582209EF5CC00773B0F /* calfR6.obj in Resources */,
				38B9E584209EF5CC00773B0F /* midback_L.obj in Resources */,
				38B9E56B209EF5CC00773B0F /* bicept2L.obj in Resources */,
				38B9E540209EF5CC00773B0F /* topback_R.obj in Resources */,
				6F7C1B5520A988EA005E884D /* Man_Skin.obj in Resources */,
				38B9E57B209EF5CC00773B0F /* bumL.obj in Resources */,
				38B9E544209EF5CC00773B0F /* midback_R.obj in Resources */,
				38B9E58B209EF5CC00773B0F /* frontshoulderR.obj in Resources */,
				38B9E57A209EF5CC00773B0F /* throat_R.obj in Resources */,
				38B9E587209EF5CC00773B0F /* ribmuscles_R.obj in Resources */,
				38B9E583209EF5CC00773B0F /* man_skele.obj in Resources */,
				38B9E569209EF5CC00773B0F /* neck_L.obj in Resources */,
				38B9E53F209EF5CC00773B0F /* hipL.obj in Resources */,
				38B9E53B209EF5CC00773B0F /* upperLegFrontL2.obj in Resources */,
				38B9E548209EF5CC00773B0F /* ribmuscles_L.obj in Resources */,
				38B9E588209EF5CC00773B0F /* AbsL.obj in Resources */,
				38B9E573209EF5CC00773B0F /* chest_R.obj in Resources */,
				38B9E55E209EF5CC00773B0F /* calfL3.obj in Resources */,
				38B9E57E209EF5CC00773B0F /* thighR4.obj in Resources */,
				38B9E55C209EF5CC00773B0F /* thighR_7.obj in Resources */,
				38B9E55B209EF5CC00773B0F /* Lowerback_R.obj in Resources */,
				38B9E585209EF5CC00773B0F /* outershoulder_L.obj in Resources */,
				38B9E580209EF5CC00773B0F /* tricept2L.obj in Resources */,
				38B9E58D209EF5CC00773B0F /* thighR1.obj in Resources */,
			);
			runOnlyForDeploymentPostprocessing = 0;
		};
		6F1705A82085DFE100F6265C /* Resources */ = {
			isa = PBXResourcesBuildPhase;
			buildActionMask = 2147483647;
			files = (
			);
			runOnlyForDeploymentPostprocessing = 0;
		};
		6F1705B32085DFE100F6265C /* Resources */ = {
			isa = PBXResourcesBuildPhase;
			buildActionMask = 2147483647;
			files = (
			);
			runOnlyForDeploymentPostprocessing = 0;
		};
/* End PBXResourcesBuildPhase section */

/* Begin PBXShellScriptBuildPhase section */
		0646710B3A130E41F49FCB6C /* [CP] Embed Pods Frameworks */ = {
			isa = PBXShellScriptBuildPhase;
			buildActionMask = 2147483647;
			files = (
			);
			inputPaths = (
			);
			name = "[CP] Embed Pods Frameworks";
			outputPaths = (
			);
			runOnlyForDeploymentPostprocessing = 0;
			shellPath = /bin/sh;
			shellScript = "\"${SRCROOT}/Pods/Target Support Files/Pods-MPM-Sft-Eng-ProjTests/Pods-MPM-Sft-Eng-ProjTests-frameworks.sh\"\n";
			showEnvVarsInLog = 0;
		};
		2A45C2D7ACBDC15720F1A8DC /* [CP] Copy Pods Resources */ = {
			isa = PBXShellScriptBuildPhase;
			buildActionMask = 2147483647;
			files = (
			);
			inputPaths = (
				"${SRCROOT}/Pods/Target Support Files/Pods-MPM-Sft-Eng-Proj/Pods-MPM-Sft-Eng-Proj-resources.sh",
				"${PODS_ROOT}/GoogleSignIn/Resources/GoogleSignIn.bundle",
			);
			name = "[CP] Copy Pods Resources";
			outputPaths = (
				"${TARGET_BUILD_DIR}/${UNLOCALIZED_RESOURCES_FOLDER_PATH}/GoogleSignIn.bundle",
			);
			runOnlyForDeploymentPostprocessing = 0;
			shellPath = /bin/sh;
			shellScript = "\"${SRCROOT}/Pods/Target Support Files/Pods-MPM-Sft-Eng-Proj/Pods-MPM-Sft-Eng-Proj-resources.sh\"\n";
			showEnvVarsInLog = 0;
		};
		58108D9198000A022F179620 /* [CP] Copy Pods Resources */ = {
			isa = PBXShellScriptBuildPhase;
			buildActionMask = 2147483647;
			files = (
			);
			inputPaths = (
			);
			name = "[CP] Copy Pods Resources";
			outputPaths = (
			);
			runOnlyForDeploymentPostprocessing = 0;
			shellPath = /bin/sh;
			shellScript = "\"${SRCROOT}/Pods/Target Support Files/Pods-MPM-Sft-Eng-ProjUITests/Pods-MPM-Sft-Eng-ProjUITests-resources.sh\"\n";
			showEnvVarsInLog = 0;
		};
		61C19ACA1DA4AC233208D8ED /* [CP] Check Pods Manifest.lock */ = {
			isa = PBXShellScriptBuildPhase;
			buildActionMask = 2147483647;
			files = (
			);
			inputPaths = (
				"${PODS_PODFILE_DIR_PATH}/Podfile.lock",
				"${PODS_ROOT}/Manifest.lock",
			);
			name = "[CP] Check Pods Manifest.lock";
			outputPaths = (
				"$(DERIVED_FILE_DIR)/Pods-MPM-Sft-Eng-ProjUITests-checkManifestLockResult.txt",
			);
			runOnlyForDeploymentPostprocessing = 0;
			shellPath = /bin/sh;
			shellScript = "diff \"${PODS_PODFILE_DIR_PATH}/Podfile.lock\" \"${PODS_ROOT}/Manifest.lock\" > /dev/null\nif [ $? != 0 ] ; then\n    # print error to STDERR\n    echo \"error: The sandbox is not in sync with the Podfile.lock. Run 'pod install' or update your CocoaPods installation.\" >&2\n    exit 1\nfi\n# This output is used by Xcode 'outputs' to avoid re-running this script phase.\necho \"SUCCESS\" > \"${SCRIPT_OUTPUT_FILE_0}\"\n";
			showEnvVarsInLog = 0;
		};
		B0C2620B0E563DACA23241B8 /* [CP] Check Pods Manifest.lock */ = {
			isa = PBXShellScriptBuildPhase;
			buildActionMask = 2147483647;
			files = (
			);
			inputPaths = (
				"${PODS_PODFILE_DIR_PATH}/Podfile.lock",
				"${PODS_ROOT}/Manifest.lock",
			);
			name = "[CP] Check Pods Manifest.lock";
			outputPaths = (
				"$(DERIVED_FILE_DIR)/Pods-MPM-Sft-Eng-ProjTests-checkManifestLockResult.txt",
			);
			runOnlyForDeploymentPostprocessing = 0;
			shellPath = /bin/sh;
			shellScript = "diff \"${PODS_PODFILE_DIR_PATH}/Podfile.lock\" \"${PODS_ROOT}/Manifest.lock\" > /dev/null\nif [ $? != 0 ] ; then\n    # print error to STDERR\n    echo \"error: The sandbox is not in sync with the Podfile.lock. Run 'pod install' or update your CocoaPods installation.\" >&2\n    exit 1\nfi\n# This output is used by Xcode 'outputs' to avoid re-running this script phase.\necho \"SUCCESS\" > \"${SCRIPT_OUTPUT_FILE_0}\"\n";
			showEnvVarsInLog = 0;
		};
		B0DBBCE720A30790F1124F20 /* [CP] Embed Pods Frameworks */ = {
			isa = PBXShellScriptBuildPhase;
			buildActionMask = 2147483647;
			files = (
			);
			inputPaths = (
			);
			name = "[CP] Embed Pods Frameworks";
			outputPaths = (
			);
			runOnlyForDeploymentPostprocessing = 0;
			shellPath = /bin/sh;
			shellScript = "\"${SRCROOT}/Pods/Target Support Files/Pods-MPM-Sft-Eng-ProjUITests/Pods-MPM-Sft-Eng-ProjUITests-frameworks.sh\"\n";
			showEnvVarsInLog = 0;
		};
		CCA61DF720C2F13B41376400 /* [CP] Copy Pods Resources */ = {
			isa = PBXShellScriptBuildPhase;
			buildActionMask = 2147483647;
			files = (
			);
			inputPaths = (
			);
			name = "[CP] Copy Pods Resources";
			outputPaths = (
			);
			runOnlyForDeploymentPostprocessing = 0;
			shellPath = /bin/sh;
			shellScript = "\"${SRCROOT}/Pods/Target Support Files/Pods-MPM-Sft-Eng-ProjTests/Pods-MPM-Sft-Eng-ProjTests-resources.sh\"\n";
			showEnvVarsInLog = 0;
		};
		E4D2B092661EC735FB4E3299 /* [CP] Embed Pods Frameworks */ = {
			isa = PBXShellScriptBuildPhase;
			buildActionMask = 2147483647;
			files = (
			);
			inputPaths = (
				"${SRCROOT}/Pods/Target Support Files/Pods-MPM-Sft-Eng-Proj/Pods-MPM-Sft-Eng-Proj-frameworks.sh",
				"${BUILT_PRODUCTS_DIR}/Alamofire/Alamofire.framework",
				"${BUILT_PRODUCTS_DIR}/Cosmos/Cosmos.framework",
				"${BUILT_PRODUCTS_DIR}/DynamicBlurView/DynamicBlurView.framework",
				"${BUILT_PRODUCTS_DIR}/GTMOAuth2/GTMOAuth2.framework",
				"${BUILT_PRODUCTS_DIR}/GTMSessionFetcher/GTMSessionFetcher.framework",
				"${BUILT_PRODUCTS_DIR}/GoogleToolboxForMac/GoogleToolboxForMac.framework",
				"${BUILT_PRODUCTS_DIR}/JGProgressHUD/JGProgressHUD.framework",
				"${BUILT_PRODUCTS_DIR}/LBTAComponents/LBTAComponents.framework",
				"${BUILT_PRODUCTS_DIR}/PopupDialog/PopupDialog.framework",
				"${BUILT_PRODUCTS_DIR}/SwiftCharts/SwiftCharts.framework",
				"${BUILT_PRODUCTS_DIR}/SwiftSpinner/SwiftSpinner.framework",
				"${BUILT_PRODUCTS_DIR}/SwiftValidator/SwiftValidator.framework",
				"${BUILT_PRODUCTS_DIR}/SwiftyJSON/SwiftyJSON.framework",
				"${BUILT_PRODUCTS_DIR}/leveldb-library/leveldb.framework",
			);
			name = "[CP] Embed Pods Frameworks";
			outputPaths = (
				"${TARGET_BUILD_DIR}/${FRAMEWORKS_FOLDER_PATH}/Alamofire.framework",
				"${TARGET_BUILD_DIR}/${FRAMEWORKS_FOLDER_PATH}/Cosmos.framework",
				"${TARGET_BUILD_DIR}/${FRAMEWORKS_FOLDER_PATH}/DynamicBlurView.framework",
				"${TARGET_BUILD_DIR}/${FRAMEWORKS_FOLDER_PATH}/GTMOAuth2.framework",
				"${TARGET_BUILD_DIR}/${FRAMEWORKS_FOLDER_PATH}/GTMSessionFetcher.framework",
				"${TARGET_BUILD_DIR}/${FRAMEWORKS_FOLDER_PATH}/GoogleToolboxForMac.framework",
				"${TARGET_BUILD_DIR}/${FRAMEWORKS_FOLDER_PATH}/JGProgressHUD.framework",
				"${TARGET_BUILD_DIR}/${FRAMEWORKS_FOLDER_PATH}/LBTAComponents.framework",
				"${TARGET_BUILD_DIR}/${FRAMEWORKS_FOLDER_PATH}/PopupDialog.framework",
				"${TARGET_BUILD_DIR}/${FRAMEWORKS_FOLDER_PATH}/SwiftCharts.framework",
				"${TARGET_BUILD_DIR}/${FRAMEWORKS_FOLDER_PATH}/SwiftSpinner.framework",
				"${TARGET_BUILD_DIR}/${FRAMEWORKS_FOLDER_PATH}/SwiftValidator.framework",
				"${TARGET_BUILD_DIR}/${FRAMEWORKS_FOLDER_PATH}/SwiftyJSON.framework",
				"${TARGET_BUILD_DIR}/${FRAMEWORKS_FOLDER_PATH}/leveldb.framework",
			);
			runOnlyForDeploymentPostprocessing = 0;
			shellPath = /bin/sh;
			shellScript = "\"${SRCROOT}/Pods/Target Support Files/Pods-MPM-Sft-Eng-Proj/Pods-MPM-Sft-Eng-Proj-frameworks.sh\"\n";
			showEnvVarsInLog = 0;
		};
		FB7F50FC2DE4973D4E4650F3 /* [CP] Check Pods Manifest.lock */ = {
			isa = PBXShellScriptBuildPhase;
			buildActionMask = 2147483647;
			files = (
			);
			inputPaths = (
				"${PODS_PODFILE_DIR_PATH}/Podfile.lock",
				"${PODS_ROOT}/Manifest.lock",
			);
			name = "[CP] Check Pods Manifest.lock";
			outputPaths = (
				"$(DERIVED_FILE_DIR)/Pods-MPM-Sft-Eng-Proj-checkManifestLockResult.txt",
			);
			runOnlyForDeploymentPostprocessing = 0;
			shellPath = /bin/sh;
			shellScript = "diff \"${PODS_PODFILE_DIR_PATH}/Podfile.lock\" \"${PODS_ROOT}/Manifest.lock\" > /dev/null\nif [ $? != 0 ] ; then\n    # print error to STDERR\n    echo \"error: The sandbox is not in sync with the Podfile.lock. Run 'pod install' or update your CocoaPods installation.\" >&2\n    exit 1\nfi\n# This output is used by Xcode 'outputs' to avoid re-running this script phase.\necho \"SUCCESS\" > \"${SCRIPT_OUTPUT_FILE_0}\"\n";
			showEnvVarsInLog = 0;
		};
/* End PBXShellScriptBuildPhase section */

/* Begin PBXSourcesBuildPhase section */
		6F1705922085DFE100F6265C /* Sources */ = {
			isa = PBXSourcesBuildPhase;
			buildActionMask = 2147483647;
			files = (
				6F26AAB120974470009A3446 /* MaterialWrapper.swift in Sources */,
				38324DF1208B14FC005605B9 /* SummaryController.swift in Sources */,
				6F1705D02085E84700F6265C /* UserController.swift in Sources */,
				6F26AAB92097C796009A3446 /* HealthProfileController.swift in Sources */,
				6FD4A77920A6D97D00F10250 /* LoginViewController.swift in Sources */,
				6F0EFF7120B57134004AAD2E /* PageCell.swift in Sources */,
				6F1705D22085E8B600F6265C /* WelcomeController.swift in Sources */,
				6F5AD2FD20E329F200A9B4F6 /* GradientSlider.swift in Sources */,
				6F26AABD2097D2EA009A3446 /* DateEntryCellDelegate.swift in Sources */,
				6F26AAB3209744D9009A3446 /* MeshLoader.swift in Sources */,
				6FB1882920E5A8EB00256767 /* ChartTestViewController.swift in Sources */,
				6F0EFF6F20B5710F004AAD2E /* OnBoardController.swift in Sources */,
				6F26AABB2097D06D009A3446 /* DateEntryCell.swift in Sources */,
				6F0465A0209B1EB10066FA14 /* WeightEntryCell.swift in Sources */,
				6F26AA982095952E009A3446 /* NoButtonCell.swift in Sources */,
				6F04659A209AC2FF0066FA14 /* GenderEntryCellDelegate.swift in Sources */,
				6F1705D42085E8D300F6265C /* Extensions.swift in Sources */,
				6F17059A2085DFE100F6265C /* AppDelegate.swift in Sources */,
				6F26AAB720974524009A3446 /* Object.swift in Sources */,
				6F04659E209ACBB60066FA14 /* HeightEntryCellDelegate.swift in Sources */,
				6F046598209ABFDC0066FA14 /* GenderEntryCell.swift in Sources */,
				6F9308FC20E4561D001C09D5 /* FatigueAlertDialog.swift in Sources */,
				6F0EFF4520B19274004AAD2E /* AlertDialog.swift in Sources */,
				6F0465A2209B1F350066FA14 /* WeightEntryCellDelegate.swift in Sources */,
				6F0EFF7320B57142004AAD2E /* PageModel.swift in Sources */,
				6FE4D8B1208AFAD2000F8B62 /* LoginFlowWorker.swift in Sources */,
				6F26AAB5209744FE009A3446 /* ObjectWrapper.swift in Sources */,
				6F26AA9C20959707009A3446 /* ButtonCell.swift in Sources */,
				6FB1882B20E5B1A500256767 /* ExampleDefaults.swift in Sources */,
				6F1705D62085E8EF00F6265C /* Service.swift in Sources */,
				6F1705CE2085E81E00F6265C /* SignUserUpController.swift in Sources */,
				6F26AA9A20959580009A3446 /* GenericHeader.swift in Sources */,
				6F04659C209ACB860066FA14 /* HeightEntryCell.swift in Sources */,
				6F1705CC2085E7F400F6265C /* MainTabBarController.swift in Sources */,
				6F1705CA2085E7D300F6265C /* HomeController.swift in Sources */,
				6F1705DA2085E94300F6265C /* User.swift in Sources */,
			);
			runOnlyForDeploymentPostprocessing = 0;
		};
		6F1705A62085DFE100F6265C /* Sources */ = {
			isa = PBXSourcesBuildPhase;
			buildActionMask = 2147483647;
			files = (
				6F1705AF2085DFE100F6265C /* MPM_Sft_Eng_ProjTests.swift in Sources */,
			);
			runOnlyForDeploymentPostprocessing = 0;
		};
		6F1705B12085DFE100F6265C /* Sources */ = {
			isa = PBXSourcesBuildPhase;
			buildActionMask = 2147483647;
			files = (
				6F1705BA2085DFE100F6265C /* MPM_Sft_Eng_ProjUITests.swift in Sources */,
			);
			runOnlyForDeploymentPostprocessing = 0;
		};
/* End PBXSourcesBuildPhase section */

/* Begin PBXTargetDependency section */
		6F1705AC2085DFE100F6265C /* PBXTargetDependency */ = {
			isa = PBXTargetDependency;
			target = 6F1705952085DFE100F6265C /* MPM-Sft-Eng-Proj */;
			targetProxy = 6F1705AB2085DFE100F6265C /* PBXContainerItemProxy */;
		};
		6F1705B72085DFE100F6265C /* PBXTargetDependency */ = {
			isa = PBXTargetDependency;
			target = 6F1705952085DFE100F6265C /* MPM-Sft-Eng-Proj */;
			targetProxy = 6F1705B62085DFE100F6265C /* PBXContainerItemProxy */;
		};
/* End PBXTargetDependency section */

/* Begin XCBuildConfiguration section */
		6F1705BC2085DFE100F6265C /* Debug */ = {
			isa = XCBuildConfiguration;
			buildSettings = {
				ALWAYS_SEARCH_USER_PATHS = NO;
				CLANG_ANALYZER_NONNULL = YES;
				CLANG_ANALYZER_NUMBER_OBJECT_CONVERSION = YES_AGGRESSIVE;
				CLANG_CXX_LANGUAGE_STANDARD = "gnu++14";
				CLANG_CXX_LIBRARY = "libc++";
				CLANG_ENABLE_MODULES = YES;
				CLANG_ENABLE_OBJC_ARC = YES;
				CLANG_WARN_BLOCK_CAPTURE_AUTORELEASING = YES;
				CLANG_WARN_BOOL_CONVERSION = YES;
				CLANG_WARN_COMMA = YES;
				CLANG_WARN_CONSTANT_CONVERSION = YES;
				CLANG_WARN_DEPRECATED_OBJC_IMPLEMENTATIONS = YES;
				CLANG_WARN_DIRECT_OBJC_ISA_USAGE = YES_ERROR;
				CLANG_WARN_DOCUMENTATION_COMMENTS = YES;
				CLANG_WARN_EMPTY_BODY = YES;
				CLANG_WARN_ENUM_CONVERSION = YES;
				CLANG_WARN_INFINITE_RECURSION = YES;
				CLANG_WARN_INT_CONVERSION = YES;
				CLANG_WARN_NON_LITERAL_NULL_CONVERSION = YES;
				CLANG_WARN_OBJC_IMPLICIT_RETAIN_SELF = YES;
				CLANG_WARN_OBJC_LITERAL_CONVERSION = YES;
				CLANG_WARN_OBJC_ROOT_CLASS = YES_ERROR;
				CLANG_WARN_RANGE_LOOP_ANALYSIS = YES;
				CLANG_WARN_STRICT_PROTOTYPES = YES;
				CLANG_WARN_SUSPICIOUS_MOVE = YES;
				CLANG_WARN_UNGUARDED_AVAILABILITY = YES_AGGRESSIVE;
				CLANG_WARN_UNREACHABLE_CODE = YES;
				CLANG_WARN__DUPLICATE_METHOD_MATCH = YES;
				CODE_SIGN_IDENTITY = "iPhone Developer";
				COPY_PHASE_STRIP = NO;
				DEBUG_INFORMATION_FORMAT = dwarf;
				ENABLE_STRICT_OBJC_MSGSEND = YES;
				ENABLE_TESTABILITY = YES;
				GCC_C_LANGUAGE_STANDARD = gnu11;
				GCC_DYNAMIC_NO_PIC = NO;
				GCC_NO_COMMON_BLOCKS = YES;
				GCC_OPTIMIZATION_LEVEL = 0;
				GCC_PREPROCESSOR_DEFINITIONS = (
					"DEBUG=1",
					"$(inherited)",
				);
				GCC_WARN_64_TO_32_BIT_CONVERSION = YES;
				GCC_WARN_ABOUT_RETURN_TYPE = YES_ERROR;
				GCC_WARN_UNDECLARED_SELECTOR = YES;
				GCC_WARN_UNINITIALIZED_AUTOS = YES_AGGRESSIVE;
				GCC_WARN_UNUSED_FUNCTION = YES;
				GCC_WARN_UNUSED_VARIABLE = YES;
				IPHONEOS_DEPLOYMENT_TARGET = 11.1;
				MTL_ENABLE_DEBUG_INFO = YES;
				ONLY_ACTIVE_ARCH = YES;
				SDKROOT = iphoneos;
				SWIFT_ACTIVE_COMPILATION_CONDITIONS = DEBUG;
				SWIFT_OPTIMIZATION_LEVEL = "-Onone";
			};
			name = Debug;
		};
		6F1705BD2085DFE100F6265C /* Release */ = {
			isa = XCBuildConfiguration;
			buildSettings = {
				ALWAYS_SEARCH_USER_PATHS = NO;
				CLANG_ANALYZER_NONNULL = YES;
				CLANG_ANALYZER_NUMBER_OBJECT_CONVERSION = YES_AGGRESSIVE;
				CLANG_CXX_LANGUAGE_STANDARD = "gnu++14";
				CLANG_CXX_LIBRARY = "libc++";
				CLANG_ENABLE_MODULES = YES;
				CLANG_ENABLE_OBJC_ARC = YES;
				CLANG_WARN_BLOCK_CAPTURE_AUTORELEASING = YES;
				CLANG_WARN_BOOL_CONVERSION = YES;
				CLANG_WARN_COMMA = YES;
				CLANG_WARN_CONSTANT_CONVERSION = YES;
				CLANG_WARN_DEPRECATED_OBJC_IMPLEMENTATIONS = YES;
				CLANG_WARN_DIRECT_OBJC_ISA_USAGE = YES_ERROR;
				CLANG_WARN_DOCUMENTATION_COMMENTS = YES;
				CLANG_WARN_EMPTY_BODY = YES;
				CLANG_WARN_ENUM_CONVERSION = YES;
				CLANG_WARN_INFINITE_RECURSION = YES;
				CLANG_WARN_INT_CONVERSION = YES;
				CLANG_WARN_NON_LITERAL_NULL_CONVERSION = YES;
				CLANG_WARN_OBJC_IMPLICIT_RETAIN_SELF = YES;
				CLANG_WARN_OBJC_LITERAL_CONVERSION = YES;
				CLANG_WARN_OBJC_ROOT_CLASS = YES_ERROR;
				CLANG_WARN_RANGE_LOOP_ANALYSIS = YES;
				CLANG_WARN_STRICT_PROTOTYPES = YES;
				CLANG_WARN_SUSPICIOUS_MOVE = YES;
				CLANG_WARN_UNGUARDED_AVAILABILITY = YES_AGGRESSIVE;
				CLANG_WARN_UNREACHABLE_CODE = YES;
				CLANG_WARN__DUPLICATE_METHOD_MATCH = YES;
				CODE_SIGN_IDENTITY = "iPhone Developer";
				COPY_PHASE_STRIP = NO;
				DEBUG_INFORMATION_FORMAT = "dwarf-with-dsym";
				ENABLE_NS_ASSERTIONS = NO;
				ENABLE_STRICT_OBJC_MSGSEND = YES;
				GCC_C_LANGUAGE_STANDARD = gnu11;
				GCC_NO_COMMON_BLOCKS = YES;
				GCC_WARN_64_TO_32_BIT_CONVERSION = YES;
				GCC_WARN_ABOUT_RETURN_TYPE = YES_ERROR;
				GCC_WARN_UNDECLARED_SELECTOR = YES;
				GCC_WARN_UNINITIALIZED_AUTOS = YES_AGGRESSIVE;
				GCC_WARN_UNUSED_FUNCTION = YES;
				GCC_WARN_UNUSED_VARIABLE = YES;
				IPHONEOS_DEPLOYMENT_TARGET = 11.1;
				MTL_ENABLE_DEBUG_INFO = NO;
				SDKROOT = iphoneos;
				SWIFT_OPTIMIZATION_LEVEL = "-Owholemodule";
				VALIDATE_PRODUCT = YES;
			};
			name = Release;
		};
		6F1705BF2085DFE100F6265C /* Debug */ = {
			isa = XCBuildConfiguration;
			baseConfigurationReference = BFE1B8B722755F21DC3DDC49 /* Pods-MPM-Sft-Eng-Proj.debug.xcconfig */;
			buildSettings = {
				ASSETCATALOG_COMPILER_APPICON_NAME = AppIcon;
				CODE_SIGN_STYLE = Automatic;
				DEVELOPMENT_TEAM = 44Y6L594XB;
				INFOPLIST_FILE = "MPM-Sft-Eng-Proj/Info.plist";
				IPHONEOS_DEPLOYMENT_TARGET = 11.0;
				LD_RUNPATH_SEARCH_PATHS = "$(inherited) @executable_path/Frameworks";
				PRODUCT_BUNDLE_IDENTIFIER = "nz.cosc345team.MPM-Sft-Eng-Proj";
				PRODUCT_NAME = "$(TARGET_NAME)";
				SWIFT_VERSION = 4.0;
				TARGETED_DEVICE_FAMILY = 1;
			};
			name = Debug;
		};
		6F1705C02085DFE100F6265C /* Release */ = {
			isa = XCBuildConfiguration;
			baseConfigurationReference = D01689D2B5D20C6249C89B21 /* Pods-MPM-Sft-Eng-Proj.release.xcconfig */;
			buildSettings = {
				ASSETCATALOG_COMPILER_APPICON_NAME = AppIcon;
				CODE_SIGN_STYLE = Automatic;
				DEVELOPMENT_TEAM = 44Y6L594XB;
				INFOPLIST_FILE = "MPM-Sft-Eng-Proj/Info.plist";
				IPHONEOS_DEPLOYMENT_TARGET = 11.0;
				LD_RUNPATH_SEARCH_PATHS = "$(inherited) @executable_path/Frameworks";
				PRODUCT_BUNDLE_IDENTIFIER = "nz.cosc345team.MPM-Sft-Eng-Proj";
				PRODUCT_NAME = "$(TARGET_NAME)";
				SWIFT_VERSION = 4.0;
				TARGETED_DEVICE_FAMILY = 1;
			};
			name = Release;
		};
		6F1705C22085DFE100F6265C /* Debug */ = {
			isa = XCBuildConfiguration;
			baseConfigurationReference = 8CF67229C7499DF2B37AEE21 /* Pods-MPM-Sft-Eng-ProjTests.debug.xcconfig */;
			buildSettings = {
				ALWAYS_EMBED_SWIFT_STANDARD_LIBRARIES = YES;
				BUNDLE_LOADER = "$(TEST_HOST)";
				CODE_SIGN_STYLE = Automatic;
				DEVELOPMENT_TEAM = 44Y6L594XB;
				INFOPLIST_FILE = "MPM-Sft-Eng-ProjTests/Info.plist";
				LD_RUNPATH_SEARCH_PATHS = "$(inherited) @executable_path/Frameworks @loader_path/Frameworks";
				PRODUCT_BUNDLE_IDENTIFIER = "nz.cosc345team.MPM-Sft-Eng-ProjTests";
				PRODUCT_NAME = "$(TARGET_NAME)";
				SWIFT_VERSION = 4.0;
				TARGETED_DEVICE_FAMILY = "1,2";
				TEST_HOST = "$(BUILT_PRODUCTS_DIR)/MPM-Sft-Eng-Proj.app/MPM-Sft-Eng-Proj";
			};
			name = Debug;
		};
		6F1705C32085DFE100F6265C /* Release */ = {
			isa = XCBuildConfiguration;
			baseConfigurationReference = E2286A8D1504C9CBA13CAAFE /* Pods-MPM-Sft-Eng-ProjTests.release.xcconfig */;
			buildSettings = {
				ALWAYS_EMBED_SWIFT_STANDARD_LIBRARIES = YES;
				BUNDLE_LOADER = "$(TEST_HOST)";
				CODE_SIGN_STYLE = Automatic;
				DEVELOPMENT_TEAM = 44Y6L594XB;
				INFOPLIST_FILE = "MPM-Sft-Eng-ProjTests/Info.plist";
				LD_RUNPATH_SEARCH_PATHS = "$(inherited) @executable_path/Frameworks @loader_path/Frameworks";
				PRODUCT_BUNDLE_IDENTIFIER = "nz.cosc345team.MPM-Sft-Eng-ProjTests";
				PRODUCT_NAME = "$(TARGET_NAME)";
				SWIFT_VERSION = 4.0;
				TARGETED_DEVICE_FAMILY = "1,2";
				TEST_HOST = "$(BUILT_PRODUCTS_DIR)/MPM-Sft-Eng-Proj.app/MPM-Sft-Eng-Proj";
			};
			name = Release;
		};
		6F1705C52085DFE100F6265C /* Debug */ = {
			isa = XCBuildConfiguration;
			baseConfigurationReference = 1B0B7306F65F9607BA1BE341 /* Pods-MPM-Sft-Eng-ProjUITests.debug.xcconfig */;
			buildSettings = {
				ALWAYS_EMBED_SWIFT_STANDARD_LIBRARIES = YES;
				CODE_SIGN_STYLE = Automatic;
				DEVELOPMENT_TEAM = 44Y6L594XB;
				INFOPLIST_FILE = "MPM-Sft-Eng-ProjUITests/Info.plist";
				LD_RUNPATH_SEARCH_PATHS = "$(inherited) @executable_path/Frameworks @loader_path/Frameworks";
				PRODUCT_BUNDLE_IDENTIFIER = "nz.cosc345team.MPM-Sft-Eng-ProjUITests";
				PRODUCT_NAME = "$(TARGET_NAME)";
				SWIFT_VERSION = 4.0;
				TARGETED_DEVICE_FAMILY = "1,2";
				TEST_TARGET_NAME = "MPM-Sft-Eng-Proj";
			};
			name = Debug;
		};
		6F1705C62085DFE100F6265C /* Release */ = {
			isa = XCBuildConfiguration;
			baseConfigurationReference = 4B8FAAEE662DE03393C1BA20 /* Pods-MPM-Sft-Eng-ProjUITests.release.xcconfig */;
			buildSettings = {
				ALWAYS_EMBED_SWIFT_STANDARD_LIBRARIES = YES;
				CODE_SIGN_STYLE = Automatic;
				DEVELOPMENT_TEAM = 44Y6L594XB;
				INFOPLIST_FILE = "MPM-Sft-Eng-ProjUITests/Info.plist";
				LD_RUNPATH_SEARCH_PATHS = "$(inherited) @executable_path/Frameworks @loader_path/Frameworks";
				PRODUCT_BUNDLE_IDENTIFIER = "nz.cosc345team.MPM-Sft-Eng-ProjUITests";
				PRODUCT_NAME = "$(TARGET_NAME)";
				SWIFT_VERSION = 4.0;
				TARGETED_DEVICE_FAMILY = "1,2";
				TEST_TARGET_NAME = "MPM-Sft-Eng-Proj";
			};
			name = Release;
		};
/* End XCBuildConfiguration section */

/* Begin XCConfigurationList section */
		6F1705912085DFE100F6265C /* Build configuration list for PBXProject "MPM-Sft-Eng-Proj" */ = {
			isa = XCConfigurationList;
			buildConfigurations = (
				6F1705BC2085DFE100F6265C /* Debug */,
				6F1705BD2085DFE100F6265C /* Release */,
			);
			defaultConfigurationIsVisible = 0;
			defaultConfigurationName = Release;
		};
		6F1705BE2085DFE100F6265C /* Build configuration list for PBXNativeTarget "MPM-Sft-Eng-Proj" */ = {
			isa = XCConfigurationList;
			buildConfigurations = (
				6F1705BF2085DFE100F6265C /* Debug */,
				6F1705C02085DFE100F6265C /* Release */,
			);
			defaultConfigurationIsVisible = 0;
			defaultConfigurationName = Release;
		};
		6F1705C12085DFE100F6265C /* Build configuration list for PBXNativeTarget "MPM-Sft-Eng-ProjTests" */ = {
			isa = XCConfigurationList;
			buildConfigurations = (
				6F1705C22085DFE100F6265C /* Debug */,
				6F1705C32085DFE100F6265C /* Release */,
			);
			defaultConfigurationIsVisible = 0;
			defaultConfigurationName = Release;
		};
		6F1705C42085DFE100F6265C /* Build configuration list for PBXNativeTarget "MPM-Sft-Eng-ProjUITests" */ = {
			isa = XCConfigurationList;
			buildConfigurations = (
				6F1705C52085DFE100F6265C /* Debug */,
				6F1705C62085DFE100F6265C /* Release */,
			);
			defaultConfigurationIsVisible = 0;
			defaultConfigurationName = Release;
		};
/* End XCConfigurationList section */
	};
	rootObject = 6F17058E2085DFE100F6265C /* Project object */;
}
